// !$*UTF8*$!
{
	archiveVersion = 1;
	classes = {
	};
	objectVersion = 46;
	objects = {

/* Begin PBXBuildFile section */
		5A0839B21FC6C6B7007237F3 /* AbsContacts.m in Sources */ = {isa = PBXBuildFile; fileRef = 5A0839B11FC6C6B7007237F3 /* AbsContacts.m */; };
		5A0839B51FC6C91F007237F3 /* ContactsIOS8.m in Sources */ = {isa = PBXBuildFile; fileRef = 5A0839B41FC6C91F007237F3 /* ContactsIOS8.m */; };
		5A0839B81FC6CD4C007237F3 /* ContactsIOS9.m in Sources */ = {isa = PBXBuildFile; fileRef = 5A0839B71FC6CD4C007237F3 /* ContactsIOS9.m */; };
		5A0B2E971F8F0C9C00B32FD3 /* LWaveView.m in Sources */ = {isa = PBXBuildFile; fileRef = 5A0B2E951F8F0C9900B32FD3 /* LWaveView.m */; };
		5A1138B41F8FAD3C00D11852 /* UIView+PlaceholderView.m in Sources */ = {isa = PBXBuildFile; fileRef = 5A1138B31F8FAD3C00D11852 /* UIView+PlaceholderView.m */; };
		5A2EE5C41FE3AB8C001794AD /* RLTopBottomView.m in Sources */ = {isa = PBXBuildFile; fileRef = 5A2EE5C31FE3AB8C001794AD /* RLTopBottomView.m */; };
		5A30762A1FB142EB0068D412 /* TagLayout.m in Sources */ = {isa = PBXBuildFile; fileRef = 5A3076291FB142EB0068D412 /* TagLayout.m */; };
		5A3076331FB3E1200068D412 /* UITextField+LJHEx.m in Sources */ = {isa = PBXBuildFile; fileRef = 5A3076321FB3E1200068D412 /* UITextField+LJHEx.m */; };
		5A40BAFE1FD7DB5C00B73C6B /* SPAlertController.m in Sources */ = {isa = PBXBuildFile; fileRef = 5A40BAFD1FD7DB5C00B73C6B /* SPAlertController.m */; };
		5A4499FF2004601500CC9444 /* WebTitleViewPlugin.m in Sources */ = {isa = PBXBuildFile; fileRef = 5A4499FE2004601500CC9444 /* WebTitleViewPlugin.m */; };
		5A449A0520074EDE00CC9444 /* UISkinConfig.m in Sources */ = {isa = PBXBuildFile; fileRef = 5A449A0420074EDE00CC9444 /* UISkinConfig.m */; };
		5A4BAD3F1FA6F77C00A3DC06 /* VersionManager.m in Sources */ = {isa = PBXBuildFile; fileRef = 5A4BAD3E1FA6F77C00A3DC06 /* VersionManager.m */; };
		5A4BAD421FA6F79500A3DC06 /* VersionInfo.m in Sources */ = {isa = PBXBuildFile; fileRef = 5A4BAD411FA6F79500A3DC06 /* VersionInfo.m */; };
		5A5291091FB4003D00D1576E /* CountDownTimer.m in Sources */ = {isa = PBXBuildFile; fileRef = 5A5291081FB4003D00D1576E /* CountDownTimer.m */; };
		5A5291381FBE7C7E00D1576E /* ViewDataModel.m in Sources */ = {isa = PBXBuildFile; fileRef = 5A5291371FBE7C7E00D1576E /* ViewDataModel.m */; };
		5A52913B1FBE7DD900D1576E /* SngRowLayout.m in Sources */ = {isa = PBXBuildFile; fileRef = 5A52913A1FBE7DD900D1576E /* SngRowLayout.m */; };
		5A52913E1FBE85A200D1576E /* AbsLayout.m in Sources */ = {isa = PBXBuildFile; fileRef = 5A52913D1FBE85A200D1576E /* AbsLayout.m */; };
		5A5D07391FFB35E300A68C51 /* WebPluginBase.m in Sources */ = {isa = PBXBuildFile; fileRef = 5A5D07381FFB35E300A68C51 /* WebPluginBase.m */; };
		5A5D073C1FFCBED100A68C51 /* WebShellVCBase.m in Sources */ = {isa = PBXBuildFile; fileRef = 5A5D073B1FFCBED100A68C51 /* WebShellVCBase.m */; };
		5A5D073F1FFCC03A00A68C51 /* LTitleView.m in Sources */ = {isa = PBXBuildFile; fileRef = 5A5D073E1FFCC03A00A68C51 /* LTitleView.m */; };
		5A66BE581F7B44C80014EDD6 /* BaseAppVC.m in Sources */ = {isa = PBXBuildFile; fileRef = 5A66BE571F7B44C80014EDD6 /* BaseAppVC.m */; };
		5A66BF501F7D299A0014EDD6 /* aes.c in Sources */ = {isa = PBXBuildFile; fileRef = 5A66BECA1F7D29990014EDD6 /* aes.c */; };
		5A66BF511F7D299A0014EDD6 /* aes_ecb.c in Sources */ = {isa = PBXBuildFile; fileRef = 5A66BECC1F7D29990014EDD6 /* aes_ecb.c */; };
		5A66BF521F7D299A0014EDD6 /* AesUtil.m in Sources */ = {isa = PBXBuildFile; fileRef = 5A66BECF1F7D29990014EDD6 /* AesUtil.m */; };
		5A66BF531F7D299A0014EDD6 /* NSObject+NSObjectHelper.m in Sources */ = {isa = PBXBuildFile; fileRef = 5A66BED31F7D29990014EDD6 /* NSObject+NSObjectHelper.m */; };
		5A66BF541F7D299A0014EDD6 /* NSString+NSStringHelper.m in Sources */ = {isa = PBXBuildFile; fileRef = 5A66BED51F7D29990014EDD6 /* NSString+NSStringHelper.m */; };
		5A66BF551F7D299A0014EDD6 /* UIButton+WGBCustom.m in Sources */ = {isa = PBXBuildFile; fileRef = 5A66BED81F7D29990014EDD6 /* UIButton+WGBCustom.m */; };
		5A66BF561F7D299A0014EDD6 /* UIImage+Color.m in Sources */ = {isa = PBXBuildFile; fileRef = 5A66BEDA1F7D29990014EDD6 /* UIImage+Color.m */; };
		5A66BF571F7D299A0014EDD6 /* UIImage+Gif.m in Sources */ = {isa = PBXBuildFile; fileRef = 5A66BEDC1F7D29990014EDD6 /* UIImage+Gif.m */; };
		5A66BF581F7D299A0014EDD6 /* UIImage+Rotate.m in Sources */ = {isa = PBXBuildFile; fileRef = 5A66BEDE1F7D29990014EDD6 /* UIImage+Rotate.m */; };
		5A66BF591F7D299A0014EDD6 /* UIImage+SubImage.m in Sources */ = {isa = PBXBuildFile; fileRef = 5A66BEE01F7D29990014EDD6 /* UIImage+SubImage.m */; };
		5A66BF5A1F7D299A0014EDD6 /* UIImageView+Ex.m in Sources */ = {isa = PBXBuildFile; fileRef = 5A66BEE21F7D29990014EDD6 /* UIImageView+Ex.m */; };
		5A66BF5B1F7D299A0014EDD6 /* UILabel+Html.m in Sources */ = {isa = PBXBuildFile; fileRef = 5A66BEE41F7D29990014EDD6 /* UILabel+Html.m */; };
		5A66BF5D1F7D299A0014EDD6 /* UIView+UIViewHelper.m in Sources */ = {isa = PBXBuildFile; fileRef = 5A66BEE81F7D29990014EDD6 /* UIView+UIViewHelper.m */; };
		5A66BF5E1F7D299A0014EDD6 /* UIViewController+ViewControllerHelper.m in Sources */ = {isa = PBXBuildFile; fileRef = 5A66BEEA1F7D29990014EDD6 /* UIViewController+ViewControllerHelper.m */; };
		5A66BF5F1F7D299A0014EDD6 /* ContactsManager.m in Sources */ = {isa = PBXBuildFile; fileRef = 5A66BEED1F7D29990014EDD6 /* ContactsManager.m */; };
		5A66BF601F7D299A0014EDD6 /* AFViewShaker.m in Sources */ = {isa = PBXBuildFile; fileRef = 5A66BEF11F7D29990014EDD6 /* AFViewShaker.m */; };
		5A66BF611F7D299A0014EDD6 /* DaiNavigationTransition+AccessObject.m in Sources */ = {isa = PBXBuildFile; fileRef = 5A66BEF41F7D29990014EDD6 /* DaiNavigationTransition+AccessObject.m */; };
		5A66BF621F7D299A0014EDD6 /* DaiNavigationTransition+TransitionStack.m in Sources */ = {isa = PBXBuildFile; fileRef = 5A66BEF61F7D29990014EDD6 /* DaiNavigationTransition+TransitionStack.m */; };
		5A66BF631F7D299A0014EDD6 /* DaiNavigationTransition.m in Sources */ = {isa = PBXBuildFile; fileRef = 5A66BEF81F7D29990014EDD6 /* DaiNavigationTransition.m */; };
		5A66BF641F7D299A0014EDD6 /* DaiNavigationTransitionObjects.m in Sources */ = {isa = PBXBuildFile; fileRef = 5A66BEFA1F7D29990014EDD6 /* DaiNavigationTransitionObjects.m */; };
		5A66BF651F7D299A0014EDD6 /* DispatchTimer.m in Sources */ = {isa = PBXBuildFile; fileRef = 5A66BEFD1F7D29990014EDD6 /* DispatchTimer.m */; };
		5A66BF661F7D299A0014EDD6 /* UINavigationController+ForIOS6.m in Sources */ = {isa = PBXBuildFile; fileRef = 5A66BEFF1F7D29990014EDD6 /* UINavigationController+ForIOS6.m */; };
		5A66BF671F7D299A0014EDD6 /* UINavigationController+Swizzling.m in Sources */ = {isa = PBXBuildFile; fileRef = 5A66BF011F7D29990014EDD6 /* UINavigationController+Swizzling.m */; };
		5A66BF681F7D299A0014EDD6 /* UINavigationController+Transition.m in Sources */ = {isa = PBXBuildFile; fileRef = 5A66BF031F7D29990014EDD6 /* UINavigationController+Transition.m */; };
		5A66BF691F7D299A0014EDD6 /* FXBlurView.m in Sources */ = {isa = PBXBuildFile; fileRef = 5A66BF061F7D29990014EDD6 /* FXBlurView.m */; };
		5A66BF6A1F7D299A0014EDD6 /* ASFSharedViewTransition.m in Sources */ = {isa = PBXBuildFile; fileRef = 5A66BF091F7D29990014EDD6 /* ASFSharedViewTransition.m */; };
		5A66BF6B1F7D299A0014EDD6 /* HttpUtils.m in Sources */ = {isa = PBXBuildFile; fileRef = 5A66BF0F1F7D29990014EDD6 /* HttpUtils.m */; };
		5A66BF6C1F7D299A0014EDD6 /* NetModel.m in Sources */ = {isa = PBXBuildFile; fileRef = 5A66BF111F7D29990014EDD6 /* NetModel.m */; };
		5A66BF6D1F7D299A0014EDD6 /* AVPlayerEx.m in Sources */ = {isa = PBXBuildFile; fileRef = 5A66BF141F7D29990014EDD6 /* AVPlayerEx.m */; };
		5A66BF6E1F7D299A0014EDD6 /* BaseViewController.m in Sources */ = {isa = PBXBuildFile; fileRef = 5A66BF161F7D29990014EDD6 /* BaseViewController.m */; };
		5A66BF6F1F7D299A0014EDD6 /* CarouselView.m in Sources */ = {isa = PBXBuildFile; fileRef = 5A66BF181F7D29990014EDD6 /* CarouselView.m */; };
		5A66BF701F7D299A0014EDD6 /* CustomLabel.m in Sources */ = {isa = PBXBuildFile; fileRef = 5A66BF1A1F7D29990014EDD6 /* CustomLabel.m */; };
		5A66BF711F7D299A0014EDD6 /* RadioGroup.m in Sources */ = {isa = PBXBuildFile; fileRef = 5A66BF1D1F7D29990014EDD6 /* RadioGroup.m */; };
		5A66BF721F7D299A0014EDD6 /* SRActionSheet.m in Sources */ = {isa = PBXBuildFile; fileRef = 5A66BF211F7D29990014EDD6 /* SRActionSheet.m */; };
		5A66BF731F7D299A0014EDD6 /* TitleViewEx.m in Sources */ = {isa = PBXBuildFile; fileRef = 5A66BF231F7D29990014EDD6 /* TitleViewEx.m */; };
		5A66BF741F7D299A0014EDD6 /* TouchPlate.m in Sources */ = {isa = PBXBuildFile; fileRef = 5A66BF261F7D29990014EDD6 /* TouchPlate.m */; };
		5A66BF751F7D299A0014EDD6 /* TouchTextView.m in Sources */ = {isa = PBXBuildFile; fileRef = 5A66BF281F7D29990014EDD6 /* TouchTextView.m */; };
		5A66BF761F7D299A0014EDD6 /* UICustButton.m in Sources */ = {isa = PBXBuildFile; fileRef = 5A66BF2A1F7D29990014EDD6 /* UICustButton.m */; };
		5A66BF771F7D299A0014EDD6 /* UIWebViewEx.m in Sources */ = {isa = PBXBuildFile; fileRef = 5A66BF2C1F7D29990014EDD6 /* UIWebViewEx.m */; };
		5A66BF781F7D299A0014EDD6 /* LViewPager.m in Sources */ = {isa = PBXBuildFile; fileRef = 5A66BF2F1F7D29990014EDD6 /* LViewPager.m */; };
		5A66BF791F7D299A0014EDD6 /* WSPlaceholderTextView.m in Sources */ = {isa = PBXBuildFile; fileRef = 5A66BF311F7D29990014EDD6 /* WSPlaceholderTextView.m */; };
		5A66BF7A1F7D299A0014EDD6 /* XJAlbum.m in Sources */ = {isa = PBXBuildFile; fileRef = 5A66BF341F7D29990014EDD6 /* XJAlbum.m */; };
		5A66BF7B1F7D299A0014EDD6 /* XJImage.m in Sources */ = {isa = PBXBuildFile; fileRef = 5A66BF361F7D29990014EDD6 /* XJImage.m */; };
		5A66BF7C1F7D299A0014EDD6 /* ZYShareItem.m in Sources */ = {isa = PBXBuildFile; fileRef = 5A66BF391F7D29990014EDD6 /* ZYShareItem.m */; };
		5A66BF7D1F7D299A0014EDD6 /* ZYShareItemCell.m in Sources */ = {isa = PBXBuildFile; fileRef = 5A66BF3B1F7D29990014EDD6 /* ZYShareItemCell.m */; };
		5A66BF7E1F7D299A0014EDD6 /* ZYShareSheetCell.m in Sources */ = {isa = PBXBuildFile; fileRef = 5A66BF3D1F7D29990014EDD6 /* ZYShareSheetCell.m */; };
		5A66BF7F1F7D299A0014EDD6 /* ZYShareSheetView.m in Sources */ = {isa = PBXBuildFile; fileRef = 5A66BF3F1F7D29990014EDD6 /* ZYShareSheetView.m */; };
		5A66BF801F7D299A0014EDD6 /* ZYShareView.m in Sources */ = {isa = PBXBuildFile; fileRef = 5A66BF411F7D29990014EDD6 /* ZYShareView.m */; };
		5A66BF811F7D299A0014EDD6 /* CameraManager.m in Sources */ = {isa = PBXBuildFile; fileRef = 5A66BF451F7D29990014EDD6 /* CameraManager.m */; };
		5A66BF821F7D299A0014EDD6 /* MotionManager.m in Sources */ = {isa = PBXBuildFile; fileRef = 5A66BF471F7D29990014EDD6 /* MotionManager.m */; };
		5A66BF831F7D299A0014EDD6 /* Utils.m in Sources */ = {isa = PBXBuildFile; fileRef = 5A66BF4A1F7D29990014EDD6 /* Utils.m */; };
		5A66BF841F7D299A0014EDD6 /* VerifyUtil.m in Sources */ = {isa = PBXBuildFile; fileRef = 5A66BF4C1F7D29990014EDD6 /* VerifyUtil.m */; };
		5A66BF851F7D299A0014EDD6 /* WXSDK.m in Sources */ = {isa = PBXBuildFile; fileRef = 5A66BF4F1F7D29990014EDD6 /* WXSDK.m */; };
		5A66BF871F7D2DDA0014EDD6 /* ico_wx.png in Resources */ = {isa = PBXBuildFile; fileRef = 5A66BF861F7D2DD90014EDD6 /* ico_wx.png */; };
		5A66BF891F7D2DF30014EDD6 /* ico_timeline.png in Resources */ = {isa = PBXBuildFile; fileRef = 5A66BF881F7D2DF30014EDD6 /* ico_timeline.png */; };
		5A66BF8E1F7F8D450014EDD6 /* BaseAppDelegate.m in Sources */ = {isa = PBXBuildFile; fileRef = 5A66BF8D1F7F8D450014EDD6 /* BaseAppDelegate.m */; };
		5A66BF941F8B1CD80014EDD6 /* JPushLoader.m in Sources */ = {isa = PBXBuildFile; fileRef = 5A66BF931F8B1CD80014EDD6 /* JPushLoader.m */; };
		5A66BF971F8C6AC60014EDD6 /* UMengLoader.m in Sources */ = {isa = PBXBuildFile; fileRef = 5A66BF961F8C6AC60014EDD6 /* UMengLoader.m */; };
		5A762EA41FAB02E100471827 /* LWebViewEx.m in Sources */ = {isa = PBXBuildFile; fileRef = 5A762EA31FAB02E100471827 /* LWebViewEx.m */; };
		5A9F60C11FA85549000141E7 /* MenuRow.m in Sources */ = {isa = PBXBuildFile; fileRef = 5A9F60C01FA85549000141E7 /* MenuRow.m */; };
		5AC74DE51F2998BE00146115 /* main.m in Sources */ = {isa = PBXBuildFile; fileRef = 5AC74DE41F2998BE00146115 /* main.m */; };
		5AC74DE81F2998BE00146115 /* AppDelegate.m in Sources */ = {isa = PBXBuildFile; fileRef = 5AC74DE71F2998BE00146115 /* AppDelegate.m */; };
		5AC74DEB1F2998BE00146115 /* ViewController.m in Sources */ = {isa = PBXBuildFile; fileRef = 5AC74DEA1F2998BE00146115 /* ViewController.m */; };
		5AC74DEE1F2998BE00146115 /* Main.storyboard in Resources */ = {isa = PBXBuildFile; fileRef = 5AC74DEC1F2998BE00146115 /* Main.storyboard */; };
		5AC74DF01F2998BE00146115 /* Assets.xcassets in Resources */ = {isa = PBXBuildFile; fileRef = 5AC74DEF1F2998BE00146115 /* Assets.xcassets */; };
		5AC74DF31F2998BE00146115 /* LaunchScreen.storyboard in Resources */ = {isa = PBXBuildFile; fileRef = 5AC74DF11F2998BE00146115 /* LaunchScreen.storyboard */; };
		5AC74E041F29992500146115 /* .gitkeep in Resources */ = {isa = PBXBuildFile; fileRef = 5AC74DFB1F29992400146115 /* .gitkeep */; };
		5AC74E051F29992500146115 /* .gitkeep in Resources */ = {isa = PBXBuildFile; fileRef = 5AC74DFD1F29992400146115 /* .gitkeep */; };
		5AC74E2E1F29C9CF00146115 /* ljhIosLibrary.podspec in Resources */ = {isa = PBXBuildFile; fileRef = 5AC74E2D1F29C9CF00146115 /* ljhIosLibrary.podspec */; };
		5ACBAB4C1FA1BF5800F6B220 /* UIView+Toast.m in Sources */ = {isa = PBXBuildFile; fileRef = 5ACBAB4B1FA1BF5800F6B220 /* UIView+Toast.m */; };
		5AD848861FE9061800DF15E0 /* NSPointerArray+Helper.m in Sources */ = {isa = PBXBuildFile; fileRef = 5AD848851FE9061800DF15E0 /* NSPointerArray+Helper.m */; };
		5AF6A4CB1F95990E00D9F6F7 /* WebViewPhotoCache.m in Sources */ = {isa = PBXBuildFile; fileRef = 5AF6A4CA1F95990E00D9F6F7 /* WebViewPhotoCache.m */; };
		70F221F53986DA635A831DB5 /* libPods-iosLibrary.a in Frameworks */ = {isa = PBXBuildFile; fileRef = 724CF1EA31FE52C7EF9FD224 /* libPods-iosLibrary.a */; };
/* End PBXBuildFile section */

/* Begin PBXFileReference section */
		264485E51FA1817FEC7E793A /* Pods-iosLibrary.release.xcconfig */ = {isa = PBXFileReference; includeInIndex = 1; lastKnownFileType = text.xcconfig; name = "Pods-iosLibrary.release.xcconfig"; path = "Pods/Target Support Files/Pods-iosLibrary/Pods-iosLibrary.release.xcconfig"; sourceTree = "<group>"; };
		44CB154FD8CF278B2A796523 /* Pods-iosLibrary.debug.xcconfig */ = {isa = PBXFileReference; includeInIndex = 1; lastKnownFileType = text.xcconfig; name = "Pods-iosLibrary.debug.xcconfig"; path = "Pods/Target Support Files/Pods-iosLibrary/Pods-iosLibrary.debug.xcconfig"; sourceTree = "<group>"; };
		5A0839B01FC6C6B7007237F3 /* AbsContacts.h */ = {isa = PBXFileReference; lastKnownFileType = sourcecode.c.h; path = AbsContacts.h; sourceTree = "<group>"; };
		5A0839B11FC6C6B7007237F3 /* AbsContacts.m */ = {isa = PBXFileReference; lastKnownFileType = sourcecode.c.objc; path = AbsContacts.m; sourceTree = "<group>"; };
		5A0839B31FC6C91F007237F3 /* ContactsIOS8.h */ = {isa = PBXFileReference; lastKnownFileType = sourcecode.c.h; path = ContactsIOS8.h; sourceTree = "<group>"; };
		5A0839B41FC6C91F007237F3 /* ContactsIOS8.m */ = {isa = PBXFileReference; lastKnownFileType = sourcecode.c.objc; path = ContactsIOS8.m; sourceTree = "<group>"; };
		5A0839B61FC6CD4C007237F3 /* ContactsIOS9.h */ = {isa = PBXFileReference; lastKnownFileType = sourcecode.c.h; path = ContactsIOS9.h; sourceTree = "<group>"; };
		5A0839B71FC6CD4C007237F3 /* ContactsIOS9.m */ = {isa = PBXFileReference; lastKnownFileType = sourcecode.c.objc; path = ContactsIOS9.m; sourceTree = "<group>"; };
		5A0B2E951F8F0C9900B32FD3 /* LWaveView.m */ = {isa = PBXFileReference; fileEncoding = 4; lastKnownFileType = sourcecode.c.objc; path = LWaveView.m; sourceTree = "<group>"; };
		5A0B2E961F8F0C9B00B32FD3 /* LWaveView.h */ = {isa = PBXFileReference; fileEncoding = 4; lastKnownFileType = sourcecode.c.h; path = LWaveView.h; sourceTree = "<group>"; };
		5A1138B21F8FAD3C00D11852 /* UIView+PlaceholderView.h */ = {isa = PBXFileReference; lastKnownFileType = sourcecode.c.h; path = "UIView+PlaceholderView.h"; sourceTree = "<group>"; };
		5A1138B31F8FAD3C00D11852 /* UIView+PlaceholderView.m */ = {isa = PBXFileReference; lastKnownFileType = sourcecode.c.objc; path = "UIView+PlaceholderView.m"; sourceTree = "<group>"; };
		5A2EE5C21FE3AB8C001794AD /* RLTopBottomView.h */ = {isa = PBXFileReference; lastKnownFileType = sourcecode.c.h; path = RLTopBottomView.h; sourceTree = "<group>"; };
		5A2EE5C31FE3AB8C001794AD /* RLTopBottomView.m */ = {isa = PBXFileReference; lastKnownFileType = sourcecode.c.objc; path = RLTopBottomView.m; sourceTree = "<group>"; };
		5A3076281FB142EB0068D412 /* TagLayout.h */ = {isa = PBXFileReference; lastKnownFileType = sourcecode.c.h; path = TagLayout.h; sourceTree = "<group>"; };
		5A3076291FB142EB0068D412 /* TagLayout.m */ = {isa = PBXFileReference; lastKnownFileType = sourcecode.c.objc; path = TagLayout.m; sourceTree = "<group>"; };
		5A3076311FB3E1200068D412 /* UITextField+LJHEx.h */ = {isa = PBXFileReference; lastKnownFileType = sourcecode.c.h; path = "UITextField+LJHEx.h"; sourceTree = "<group>"; };
		5A3076321FB3E1200068D412 /* UITextField+LJHEx.m */ = {isa = PBXFileReference; lastKnownFileType = sourcecode.c.objc; path = "UITextField+LJHEx.m"; sourceTree = "<group>"; };
		5A40BAFC1FD7DB5B00B73C6B /* SPAlertController.h */ = {isa = PBXFileReference; fileEncoding = 4; lastKnownFileType = sourcecode.c.h; path = SPAlertController.h; sourceTree = "<group>"; };
		5A40BAFD1FD7DB5C00B73C6B /* SPAlertController.m */ = {isa = PBXFileReference; fileEncoding = 4; lastKnownFileType = sourcecode.c.objc; path = SPAlertController.m; sourceTree = "<group>"; };
		5A4499FD2004601500CC9444 /* WebTitleViewPlugin.h */ = {isa = PBXFileReference; lastKnownFileType = sourcecode.c.h; path = WebTitleViewPlugin.h; sourceTree = "<group>"; };
		5A4499FE2004601500CC9444 /* WebTitleViewPlugin.m */ = {isa = PBXFileReference; lastKnownFileType = sourcecode.c.objc; path = WebTitleViewPlugin.m; sourceTree = "<group>"; };
		5A449A0320074EDE00CC9444 /* UISkinConfig.h */ = {isa = PBXFileReference; lastKnownFileType = sourcecode.c.h; path = UISkinConfig.h; sourceTree = "<group>"; };
		5A449A0420074EDE00CC9444 /* UISkinConfig.m */ = {isa = PBXFileReference; lastKnownFileType = sourcecode.c.objc; path = UISkinConfig.m; sourceTree = "<group>"; };
		5A4BAD3D1FA6F77C00A3DC06 /* VersionManager.h */ = {isa = PBXFileReference; lastKnownFileType = sourcecode.c.h; path = VersionManager.h; sourceTree = "<group>"; };
		5A4BAD3E1FA6F77C00A3DC06 /* VersionManager.m */ = {isa = PBXFileReference; lastKnownFileType = sourcecode.c.objc; path = VersionManager.m; sourceTree = "<group>"; };
		5A4BAD401FA6F79500A3DC06 /* VersionInfo.h */ = {isa = PBXFileReference; lastKnownFileType = sourcecode.c.h; path = VersionInfo.h; sourceTree = "<group>"; };
		5A4BAD411FA6F79500A3DC06 /* VersionInfo.m */ = {isa = PBXFileReference; lastKnownFileType = sourcecode.c.objc; path = VersionInfo.m; sourceTree = "<group>"; };
		5A5291071FB4003D00D1576E /* CountDownTimer.h */ = {isa = PBXFileReference; lastKnownFileType = sourcecode.c.h; path = CountDownTimer.h; sourceTree = "<group>"; };
		5A5291081FB4003D00D1576E /* CountDownTimer.m */ = {isa = PBXFileReference; lastKnownFileType = sourcecode.c.objc; path = CountDownTimer.m; sourceTree = "<group>"; };
		5A5291361FBE7C7E00D1576E /* ViewDataModel.h */ = {isa = PBXFileReference; lastKnownFileType = sourcecode.c.h; path = ViewDataModel.h; sourceTree = "<group>"; };
		5A5291371FBE7C7E00D1576E /* ViewDataModel.m */ = {isa = PBXFileReference; lastKnownFileType = sourcecode.c.objc; path = ViewDataModel.m; sourceTree = "<group>"; };
		5A5291391FBE7DD800D1576E /* SngRowLayout.h */ = {isa = PBXFileReference; lastKnownFileType = sourcecode.c.h; path = SngRowLayout.h; sourceTree = "<group>"; };
		5A52913A1FBE7DD900D1576E /* SngRowLayout.m */ = {isa = PBXFileReference; lastKnownFileType = sourcecode.c.objc; path = SngRowLayout.m; sourceTree = "<group>"; };
		5A52913C1FBE85A200D1576E /* AbsLayout.h */ = {isa = PBXFileReference; lastKnownFileType = sourcecode.c.h; path = AbsLayout.h; sourceTree = "<group>"; };
		5A52913D1FBE85A200D1576E /* AbsLayout.m */ = {isa = PBXFileReference; lastKnownFileType = sourcecode.c.objc; path = AbsLayout.m; sourceTree = "<group>"; };
		5A5D07371FFB35E300A68C51 /* WebPluginBase.h */ = {isa = PBXFileReference; lastKnownFileType = sourcecode.c.h; path = WebPluginBase.h; sourceTree = "<group>"; };
		5A5D07381FFB35E300A68C51 /* WebPluginBase.m */ = {isa = PBXFileReference; lastKnownFileType = sourcecode.c.objc; path = WebPluginBase.m; sourceTree = "<group>"; };
		5A5D073A1FFCBED100A68C51 /* WebShellVCBase.h */ = {isa = PBXFileReference; lastKnownFileType = sourcecode.c.h; path = WebShellVCBase.h; sourceTree = "<group>"; };
		5A5D073B1FFCBED100A68C51 /* WebShellVCBase.m */ = {isa = PBXFileReference; lastKnownFileType = sourcecode.c.objc; path = WebShellVCBase.m; sourceTree = "<group>"; };
		5A5D073D1FFCC03A00A68C51 /* LTitleView.h */ = {isa = PBXFileReference; lastKnownFileType = sourcecode.c.h; path = LTitleView.h; sourceTree = "<group>"; };
		5A5D073E1FFCC03A00A68C51 /* LTitleView.m */ = {isa = PBXFileReference; lastKnownFileType = sourcecode.c.objc; path = LTitleView.m; sourceTree = "<group>"; };
		5A66BE561F7B44C80014EDD6 /* BaseAppVC.h */ = {isa = PBXFileReference; fileEncoding = 4; lastKnownFileType = sourcecode.c.h; path = BaseAppVC.h; sourceTree = "<group>"; };
		5A66BE571F7B44C80014EDD6 /* BaseAppVC.m */ = {isa = PBXFileReference; fileEncoding = 4; lastKnownFileType = sourcecode.c.objc; path = BaseAppVC.m; sourceTree = "<group>"; };
		5A66BECA1F7D29990014EDD6 /* aes.c */ = {isa = PBXFileReference; fileEncoding = 4; lastKnownFileType = sourcecode.c.c; path = aes.c; sourceTree = "<group>"; };
		5A66BECB1F7D29990014EDD6 /* aes.h */ = {isa = PBXFileReference; fileEncoding = 4; lastKnownFileType = sourcecode.c.h; path = aes.h; sourceTree = "<group>"; };
		5A66BECC1F7D29990014EDD6 /* aes_ecb.c */ = {isa = PBXFileReference; fileEncoding = 4; lastKnownFileType = sourcecode.c.c; path = aes_ecb.c; sourceTree = "<group>"; };
		5A66BECD1F7D29990014EDD6 /* aes_locl.h */ = {isa = PBXFileReference; fileEncoding = 4; lastKnownFileType = sourcecode.c.h; path = aes_locl.h; sourceTree = "<group>"; };
		5A66BECE1F7D29990014EDD6 /* AesUtil.h */ = {isa = PBXFileReference; fileEncoding = 4; lastKnownFileType = sourcecode.c.h; path = AesUtil.h; sourceTree = "<group>"; };
		5A66BECF1F7D29990014EDD6 /* AesUtil.m */ = {isa = PBXFileReference; fileEncoding = 4; lastKnownFileType = sourcecode.c.objc; path = AesUtil.m; sourceTree = "<group>"; };
		5A66BED11F7D29990014EDD6 /* category_inc.h */ = {isa = PBXFileReference; fileEncoding = 4; lastKnownFileType = sourcecode.c.h; path = category_inc.h; sourceTree = "<group>"; };
		5A66BED21F7D29990014EDD6 /* NSObject+NSObjectHelper.h */ = {isa = PBXFileReference; fileEncoding = 4; lastKnownFileType = sourcecode.c.h; path = "NSObject+NSObjectHelper.h"; sourceTree = "<group>"; };
		5A66BED31F7D29990014EDD6 /* NSObject+NSObjectHelper.m */ = {isa = PBXFileReference; fileEncoding = 4; lastKnownFileType = sourcecode.c.objc; path = "NSObject+NSObjectHelper.m"; sourceTree = "<group>"; };
		5A66BED41F7D29990014EDD6 /* NSString+NSStringHelper.h */ = {isa = PBXFileReference; fileEncoding = 4; lastKnownFileType = sourcecode.c.h; path = "NSString+NSStringHelper.h"; sourceTree = "<group>"; };
		5A66BED51F7D29990014EDD6 /* NSString+NSStringHelper.m */ = {isa = PBXFileReference; fileEncoding = 4; lastKnownFileType = sourcecode.c.objc; path = "NSString+NSStringHelper.m"; sourceTree = "<group>"; };
		5A66BED71F7D29990014EDD6 /* UIButton+WGBCustom.h */ = {isa = PBXFileReference; fileEncoding = 4; lastKnownFileType = sourcecode.c.h; path = "UIButton+WGBCustom.h"; sourceTree = "<group>"; };
		5A66BED81F7D29990014EDD6 /* UIButton+WGBCustom.m */ = {isa = PBXFileReference; fileEncoding = 4; lastKnownFileType = sourcecode.c.objc; path = "UIButton+WGBCustom.m"; sourceTree = "<group>"; };
		5A66BED91F7D29990014EDD6 /* UIImage+Color.h */ = {isa = PBXFileReference; fileEncoding = 4; lastKnownFileType = sourcecode.c.h; path = "UIImage+Color.h"; sourceTree = "<group>"; };
		5A66BEDA1F7D29990014EDD6 /* UIImage+Color.m */ = {isa = PBXFileReference; fileEncoding = 4; lastKnownFileType = sourcecode.c.objc; path = "UIImage+Color.m"; sourceTree = "<group>"; };
		5A66BEDB1F7D29990014EDD6 /* UIImage+Gif.h */ = {isa = PBXFileReference; fileEncoding = 4; lastKnownFileType = sourcecode.c.h; path = "UIImage+Gif.h"; sourceTree = "<group>"; };
		5A66BEDC1F7D29990014EDD6 /* UIImage+Gif.m */ = {isa = PBXFileReference; fileEncoding = 4; lastKnownFileType = sourcecode.c.objc; path = "UIImage+Gif.m"; sourceTree = "<group>"; };
		5A66BEDD1F7D29990014EDD6 /* UIImage+Rotate.h */ = {isa = PBXFileReference; fileEncoding = 4; lastKnownFileType = sourcecode.c.h; path = "UIImage+Rotate.h"; sourceTree = "<group>"; };
		5A66BEDE1F7D29990014EDD6 /* UIImage+Rotate.m */ = {isa = PBXFileReference; fileEncoding = 4; lastKnownFileType = sourcecode.c.objc; path = "UIImage+Rotate.m"; sourceTree = "<group>"; };
		5A66BEDF1F7D29990014EDD6 /* UIImage+SubImage.h */ = {isa = PBXFileReference; fileEncoding = 4; lastKnownFileType = sourcecode.c.h; path = "UIImage+SubImage.h"; sourceTree = "<group>"; };
		5A66BEE01F7D29990014EDD6 /* UIImage+SubImage.m */ = {isa = PBXFileReference; fileEncoding = 4; lastKnownFileType = sourcecode.c.objc; path = "UIImage+SubImage.m"; sourceTree = "<group>"; };
		5A66BEE11F7D29990014EDD6 /* UIImageView+Ex.h */ = {isa = PBXFileReference; fileEncoding = 4; lastKnownFileType = sourcecode.c.h; path = "UIImageView+Ex.h"; sourceTree = "<group>"; };
		5A66BEE21F7D29990014EDD6 /* UIImageView+Ex.m */ = {isa = PBXFileReference; fileEncoding = 4; lastKnownFileType = sourcecode.c.objc; path = "UIImageView+Ex.m"; sourceTree = "<group>"; };
		5A66BEE31F7D29990014EDD6 /* UILabel+Html.h */ = {isa = PBXFileReference; fileEncoding = 4; lastKnownFileType = sourcecode.c.h; path = "UILabel+Html.h"; sourceTree = "<group>"; };
		5A66BEE41F7D29990014EDD6 /* UILabel+Html.m */ = {isa = PBXFileReference; fileEncoding = 4; lastKnownFileType = sourcecode.c.objc; path = "UILabel+Html.m"; sourceTree = "<group>"; };
		5A66BEE71F7D29990014EDD6 /* UIView+UIViewHelper.h */ = {isa = PBXFileReference; fileEncoding = 4; lastKnownFileType = sourcecode.c.h; path = "UIView+UIViewHelper.h"; sourceTree = "<group>"; };
		5A66BEE81F7D29990014EDD6 /* UIView+UIViewHelper.m */ = {isa = PBXFileReference; fileEncoding = 4; lastKnownFileType = sourcecode.c.objc; path = "UIView+UIViewHelper.m"; sourceTree = "<group>"; };
		5A66BEE91F7D29990014EDD6 /* UIViewController+ViewControllerHelper.h */ = {isa = PBXFileReference; fileEncoding = 4; lastKnownFileType = sourcecode.c.h; path = "UIViewController+ViewControllerHelper.h"; sourceTree = "<group>"; };
		5A66BEEA1F7D29990014EDD6 /* UIViewController+ViewControllerHelper.m */ = {isa = PBXFileReference; fileEncoding = 4; lastKnownFileType = sourcecode.c.objc; path = "UIViewController+ViewControllerHelper.m"; sourceTree = "<group>"; };
		5A66BEEC1F7D29990014EDD6 /* ContactsManager.h */ = {isa = PBXFileReference; fileEncoding = 4; lastKnownFileType = sourcecode.c.h; path = ContactsManager.h; sourceTree = "<group>"; };
		5A66BEED1F7D29990014EDD6 /* ContactsManager.m */ = {isa = PBXFileReference; fileEncoding = 4; lastKnownFileType = sourcecode.c.objc; path = ContactsManager.m; sourceTree = "<group>"; };
		5A66BEF01F7D29990014EDD6 /* AFViewShaker.h */ = {isa = PBXFileReference; fileEncoding = 4; lastKnownFileType = sourcecode.c.h; path = AFViewShaker.h; sourceTree = "<group>"; };
		5A66BEF11F7D29990014EDD6 /* AFViewShaker.m */ = {isa = PBXFileReference; fileEncoding = 4; lastKnownFileType = sourcecode.c.objc; path = AFViewShaker.m; sourceTree = "<group>"; };
		5A66BEF31F7D29990014EDD6 /* DaiNavigationTransition+AccessObject.h */ = {isa = PBXFileReference; fileEncoding = 4; lastKnownFileType = sourcecode.c.h; path = "DaiNavigationTransition+AccessObject.h"; sourceTree = "<group>"; };
		5A66BEF41F7D29990014EDD6 /* DaiNavigationTransition+AccessObject.m */ = {isa = PBXFileReference; fileEncoding = 4; lastKnownFileType = sourcecode.c.objc; path = "DaiNavigationTransition+AccessObject.m"; sourceTree = "<group>"; };
		5A66BEF51F7D29990014EDD6 /* DaiNavigationTransition+TransitionStack.h */ = {isa = PBXFileReference; fileEncoding = 4; lastKnownFileType = sourcecode.c.h; path = "DaiNavigationTransition+TransitionStack.h"; sourceTree = "<group>"; };
		5A66BEF61F7D29990014EDD6 /* DaiNavigationTransition+TransitionStack.m */ = {isa = PBXFileReference; fileEncoding = 4; lastKnownFileType = sourcecode.c.objc; path = "DaiNavigationTransition+TransitionStack.m"; sourceTree = "<group>"; };
		5A66BEF71F7D29990014EDD6 /* DaiNavigationTransition.h */ = {isa = PBXFileReference; fileEncoding = 4; lastKnownFileType = sourcecode.c.h; path = DaiNavigationTransition.h; sourceTree = "<group>"; };
		5A66BEF81F7D29990014EDD6 /* DaiNavigationTransition.m */ = {isa = PBXFileReference; fileEncoding = 4; lastKnownFileType = sourcecode.c.objc; path = DaiNavigationTransition.m; sourceTree = "<group>"; };
		5A66BEF91F7D29990014EDD6 /* DaiNavigationTransitionObjects.h */ = {isa = PBXFileReference; fileEncoding = 4; lastKnownFileType = sourcecode.c.h; path = DaiNavigationTransitionObjects.h; sourceTree = "<group>"; };
		5A66BEFA1F7D29990014EDD6 /* DaiNavigationTransitionObjects.m */ = {isa = PBXFileReference; fileEncoding = 4; lastKnownFileType = sourcecode.c.objc; path = DaiNavigationTransitionObjects.m; sourceTree = "<group>"; };
		5A66BEFC1F7D29990014EDD6 /* DispatchTimer.h */ = {isa = PBXFileReference; fileEncoding = 4; lastKnownFileType = sourcecode.c.h; path = DispatchTimer.h; sourceTree = "<group>"; };
		5A66BEFD1F7D29990014EDD6 /* DispatchTimer.m */ = {isa = PBXFileReference; fileEncoding = 4; lastKnownFileType = sourcecode.c.objc; path = DispatchTimer.m; sourceTree = "<group>"; };
		5A66BEFE1F7D29990014EDD6 /* UINavigationController+ForIOS6.h */ = {isa = PBXFileReference; fileEncoding = 4; lastKnownFileType = sourcecode.c.h; path = "UINavigationController+ForIOS6.h"; sourceTree = "<group>"; };
		5A66BEFF1F7D29990014EDD6 /* UINavigationController+ForIOS6.m */ = {isa = PBXFileReference; fileEncoding = 4; lastKnownFileType = sourcecode.c.objc; path = "UINavigationController+ForIOS6.m"; sourceTree = "<group>"; };
		5A66BF001F7D29990014EDD6 /* UINavigationController+Swizzling.h */ = {isa = PBXFileReference; fileEncoding = 4; lastKnownFileType = sourcecode.c.h; path = "UINavigationController+Swizzling.h"; sourceTree = "<group>"; };
		5A66BF011F7D29990014EDD6 /* UINavigationController+Swizzling.m */ = {isa = PBXFileReference; fileEncoding = 4; lastKnownFileType = sourcecode.c.objc; path = "UINavigationController+Swizzling.m"; sourceTree = "<group>"; };
		5A66BF021F7D29990014EDD6 /* UINavigationController+Transition.h */ = {isa = PBXFileReference; fileEncoding = 4; lastKnownFileType = sourcecode.c.h; path = "UINavigationController+Transition.h"; sourceTree = "<group>"; };
		5A66BF031F7D29990014EDD6 /* UINavigationController+Transition.m */ = {isa = PBXFileReference; fileEncoding = 4; lastKnownFileType = sourcecode.c.objc; path = "UINavigationController+Transition.m"; sourceTree = "<group>"; };
		5A66BF051F7D29990014EDD6 /* FXBlurView.h */ = {isa = PBXFileReference; fileEncoding = 4; lastKnownFileType = sourcecode.c.h; path = FXBlurView.h; sourceTree = "<group>"; };
		5A66BF061F7D29990014EDD6 /* FXBlurView.m */ = {isa = PBXFileReference; fileEncoding = 4; lastKnownFileType = sourcecode.c.objc; path = FXBlurView.m; sourceTree = "<group>"; };
		5A66BF081F7D29990014EDD6 /* ASFSharedViewTransition.h */ = {isa = PBXFileReference; fileEncoding = 4; lastKnownFileType = sourcecode.c.h; path = ASFSharedViewTransition.h; sourceTree = "<group>"; };
		5A66BF091F7D29990014EDD6 /* ASFSharedViewTransition.m */ = {isa = PBXFileReference; fileEncoding = 4; lastKnownFileType = sourcecode.c.objc; path = ASFSharedViewTransition.m; sourceTree = "<group>"; };
		5A66BF0B1F7D29990014EDD6 /* objMacro.h */ = {isa = PBXFileReference; fileEncoding = 4; lastKnownFileType = sourcecode.c.h; path = objMacro.h; sourceTree = "<group>"; };
		5A66BF0C1F7D29990014EDD6 /* toolMacro.h */ = {isa = PBXFileReference; fileEncoding = 4; lastKnownFileType = sourcecode.c.h; path = toolMacro.h; sourceTree = "<group>"; };
		5A66BF0E1F7D29990014EDD6 /* HttpUtils.h */ = {isa = PBXFileReference; fileEncoding = 4; lastKnownFileType = sourcecode.c.h; path = HttpUtils.h; sourceTree = "<group>"; };
		5A66BF0F1F7D29990014EDD6 /* HttpUtils.m */ = {isa = PBXFileReference; fileEncoding = 4; lastKnownFileType = sourcecode.c.objc; path = HttpUtils.m; sourceTree = "<group>"; };
		5A66BF101F7D29990014EDD6 /* NetModel.h */ = {isa = PBXFileReference; fileEncoding = 4; lastKnownFileType = sourcecode.c.h; path = NetModel.h; sourceTree = "<group>"; };
		5A66BF111F7D29990014EDD6 /* NetModel.m */ = {isa = PBXFileReference; fileEncoding = 4; lastKnownFileType = sourcecode.c.objc; path = NetModel.m; sourceTree = "<group>"; };
		5A66BF131F7D29990014EDD6 /* AVPlayerEx.h */ = {isa = PBXFileReference; fileEncoding = 4; lastKnownFileType = sourcecode.c.h; path = AVPlayerEx.h; sourceTree = "<group>"; };
		5A66BF141F7D29990014EDD6 /* AVPlayerEx.m */ = {isa = PBXFileReference; fileEncoding = 4; lastKnownFileType = sourcecode.c.objc; path = AVPlayerEx.m; sourceTree = "<group>"; };
		5A66BF151F7D29990014EDD6 /* BaseViewController.h */ = {isa = PBXFileReference; fileEncoding = 4; lastKnownFileType = sourcecode.c.h; path = BaseViewController.h; sourceTree = "<group>"; };
		5A66BF161F7D29990014EDD6 /* BaseViewController.m */ = {isa = PBXFileReference; fileEncoding = 4; lastKnownFileType = sourcecode.c.objc; path = BaseViewController.m; sourceTree = "<group>"; };
		5A66BF171F7D29990014EDD6 /* CarouselView.h */ = {isa = PBXFileReference; fileEncoding = 4; lastKnownFileType = sourcecode.c.h; path = CarouselView.h; sourceTree = "<group>"; };
		5A66BF181F7D29990014EDD6 /* CarouselView.m */ = {isa = PBXFileReference; fileEncoding = 4; lastKnownFileType = sourcecode.c.objc; path = CarouselView.m; sourceTree = "<group>"; };
		5A66BF191F7D29990014EDD6 /* CustomLabel.h */ = {isa = PBXFileReference; fileEncoding = 4; lastKnownFileType = sourcecode.c.h; path = CustomLabel.h; sourceTree = "<group>"; };
		5A66BF1A1F7D29990014EDD6 /* CustomLabel.m */ = {isa = PBXFileReference; fileEncoding = 4; lastKnownFileType = sourcecode.c.objc; path = CustomLabel.m; sourceTree = "<group>"; };
		5A66BF1C1F7D29990014EDD6 /* RadioGroup.h */ = {isa = PBXFileReference; fileEncoding = 4; lastKnownFileType = sourcecode.c.h; path = RadioGroup.h; sourceTree = "<group>"; };
		5A66BF1D1F7D29990014EDD6 /* RadioGroup.m */ = {isa = PBXFileReference; fileEncoding = 4; lastKnownFileType = sourcecode.c.objc; path = RadioGroup.m; sourceTree = "<group>"; };
		5A66BF201F7D29990014EDD6 /* SRActionSheet.h */ = {isa = PBXFileReference; fileEncoding = 4; lastKnownFileType = sourcecode.c.h; path = SRActionSheet.h; sourceTree = "<group>"; };
		5A66BF211F7D29990014EDD6 /* SRActionSheet.m */ = {isa = PBXFileReference; fileEncoding = 4; lastKnownFileType = sourcecode.c.objc; path = SRActionSheet.m; sourceTree = "<group>"; };
		5A66BF221F7D29990014EDD6 /* TitleViewEx.h */ = {isa = PBXFileReference; fileEncoding = 4; lastKnownFileType = sourcecode.c.h; path = TitleViewEx.h; sourceTree = "<group>"; };
		5A66BF231F7D29990014EDD6 /* TitleViewEx.m */ = {isa = PBXFileReference; fileEncoding = 4; lastKnownFileType = sourcecode.c.objc; path = TitleViewEx.m; sourceTree = "<group>"; };
		5A66BF251F7D29990014EDD6 /* TouchPlate.h */ = {isa = PBXFileReference; fileEncoding = 4; lastKnownFileType = sourcecode.c.h; path = TouchPlate.h; sourceTree = "<group>"; };
		5A66BF261F7D29990014EDD6 /* TouchPlate.m */ = {isa = PBXFileReference; fileEncoding = 4; lastKnownFileType = sourcecode.c.objc; path = TouchPlate.m; sourceTree = "<group>"; };
		5A66BF271F7D29990014EDD6 /* TouchTextView.h */ = {isa = PBXFileReference; fileEncoding = 4; lastKnownFileType = sourcecode.c.h; path = TouchTextView.h; sourceTree = "<group>"; };
		5A66BF281F7D29990014EDD6 /* TouchTextView.m */ = {isa = PBXFileReference; fileEncoding = 4; lastKnownFileType = sourcecode.c.objc; path = TouchTextView.m; sourceTree = "<group>"; };
		5A66BF291F7D29990014EDD6 /* UICustButton.h */ = {isa = PBXFileReference; fileEncoding = 4; lastKnownFileType = sourcecode.c.h; path = UICustButton.h; sourceTree = "<group>"; };
		5A66BF2A1F7D29990014EDD6 /* UICustButton.m */ = {isa = PBXFileReference; fileEncoding = 4; lastKnownFileType = sourcecode.c.objc; path = UICustButton.m; sourceTree = "<group>"; };
		5A66BF2B1F7D29990014EDD6 /* UIWebViewEx.h */ = {isa = PBXFileReference; fileEncoding = 4; lastKnownFileType = sourcecode.c.h; path = UIWebViewEx.h; sourceTree = "<group>"; };
		5A66BF2C1F7D29990014EDD6 /* UIWebViewEx.m */ = {isa = PBXFileReference; fileEncoding = 4; lastKnownFileType = sourcecode.c.objc; path = UIWebViewEx.m; sourceTree = "<group>"; };
		5A66BF2E1F7D29990014EDD6 /* LViewPager.h */ = {isa = PBXFileReference; fileEncoding = 4; lastKnownFileType = sourcecode.c.h; path = LViewPager.h; sourceTree = "<group>"; };
		5A66BF2F1F7D29990014EDD6 /* LViewPager.m */ = {isa = PBXFileReference; fileEncoding = 4; lastKnownFileType = sourcecode.c.objc; path = LViewPager.m; sourceTree = "<group>"; };
		5A66BF301F7D29990014EDD6 /* WSPlaceholderTextView.h */ = {isa = PBXFileReference; fileEncoding = 4; lastKnownFileType = sourcecode.c.h; path = WSPlaceholderTextView.h; sourceTree = "<group>"; };
		5A66BF311F7D29990014EDD6 /* WSPlaceholderTextView.m */ = {isa = PBXFileReference; fileEncoding = 4; lastKnownFileType = sourcecode.c.objc; path = WSPlaceholderTextView.m; sourceTree = "<group>"; };
		5A66BF331F7D29990014EDD6 /* XJAlbum.h */ = {isa = PBXFileReference; fileEncoding = 4; lastKnownFileType = sourcecode.c.h; path = XJAlbum.h; sourceTree = "<group>"; };
		5A66BF341F7D29990014EDD6 /* XJAlbum.m */ = {isa = PBXFileReference; fileEncoding = 4; lastKnownFileType = sourcecode.c.objc; path = XJAlbum.m; sourceTree = "<group>"; };
		5A66BF351F7D29990014EDD6 /* XJImage.h */ = {isa = PBXFileReference; fileEncoding = 4; lastKnownFileType = sourcecode.c.h; path = XJImage.h; sourceTree = "<group>"; };
		5A66BF361F7D29990014EDD6 /* XJImage.m */ = {isa = PBXFileReference; fileEncoding = 4; lastKnownFileType = sourcecode.c.objc; path = XJImage.m; sourceTree = "<group>"; };
		5A66BF381F7D29990014EDD6 /* ZYShareItem.h */ = {isa = PBXFileReference; fileEncoding = 4; lastKnownFileType = sourcecode.c.h; path = ZYShareItem.h; sourceTree = "<group>"; };
		5A66BF391F7D29990014EDD6 /* ZYShareItem.m */ = {isa = PBXFileReference; fileEncoding = 4; lastKnownFileType = sourcecode.c.objc; path = ZYShareItem.m; sourceTree = "<group>"; };
		5A66BF3A1F7D29990014EDD6 /* ZYShareItemCell.h */ = {isa = PBXFileReference; fileEncoding = 4; lastKnownFileType = sourcecode.c.h; path = ZYShareItemCell.h; sourceTree = "<group>"; };
		5A66BF3B1F7D29990014EDD6 /* ZYShareItemCell.m */ = {isa = PBXFileReference; fileEncoding = 4; lastKnownFileType = sourcecode.c.objc; path = ZYShareItemCell.m; sourceTree = "<group>"; };
		5A66BF3C1F7D29990014EDD6 /* ZYShareSheetCell.h */ = {isa = PBXFileReference; fileEncoding = 4; lastKnownFileType = sourcecode.c.h; path = ZYShareSheetCell.h; sourceTree = "<group>"; };
		5A66BF3D1F7D29990014EDD6 /* ZYShareSheetCell.m */ = {isa = PBXFileReference; fileEncoding = 4; lastKnownFileType = sourcecode.c.objc; path = ZYShareSheetCell.m; sourceTree = "<group>"; };
		5A66BF3E1F7D29990014EDD6 /* ZYShareSheetView.h */ = {isa = PBXFileReference; fileEncoding = 4; lastKnownFileType = sourcecode.c.h; path = ZYShareSheetView.h; sourceTree = "<group>"; };
		5A66BF3F1F7D29990014EDD6 /* ZYShareSheetView.m */ = {isa = PBXFileReference; fileEncoding = 4; lastKnownFileType = sourcecode.c.objc; path = ZYShareSheetView.m; sourceTree = "<group>"; };
		5A66BF401F7D29990014EDD6 /* ZYShareView.h */ = {isa = PBXFileReference; fileEncoding = 4; lastKnownFileType = sourcecode.c.h; path = ZYShareView.h; sourceTree = "<group>"; };
		5A66BF411F7D29990014EDD6 /* ZYShareView.m */ = {isa = PBXFileReference; fileEncoding = 4; lastKnownFileType = sourcecode.c.objc; path = ZYShareView.m; sourceTree = "<group>"; };
		5A66BF421F7D29990014EDD6 /* ZYShareViewDefine.h */ = {isa = PBXFileReference; fileEncoding = 4; lastKnownFileType = sourcecode.c.h; path = ZYShareViewDefine.h; sourceTree = "<group>"; };
		5A66BF441F7D29990014EDD6 /* CameraManager.h */ = {isa = PBXFileReference; fileEncoding = 4; lastKnownFileType = sourcecode.c.h; path = CameraManager.h; sourceTree = "<group>"; };
		5A66BF451F7D29990014EDD6 /* CameraManager.m */ = {isa = PBXFileReference; fileEncoding = 4; lastKnownFileType = sourcecode.c.objc; path = CameraManager.m; sourceTree = "<group>"; };
		5A66BF461F7D29990014EDD6 /* MotionManager.h */ = {isa = PBXFileReference; fileEncoding = 4; lastKnownFileType = sourcecode.c.h; path = MotionManager.h; sourceTree = "<group>"; };
		5A66BF471F7D29990014EDD6 /* MotionManager.m */ = {isa = PBXFileReference; fileEncoding = 4; lastKnownFileType = sourcecode.c.objc; path = MotionManager.m; sourceTree = "<group>"; };
		5A66BF491F7D29990014EDD6 /* Utils.h */ = {isa = PBXFileReference; fileEncoding = 4; lastKnownFileType = sourcecode.c.h; path = Utils.h; sourceTree = "<group>"; };
		5A66BF4A1F7D29990014EDD6 /* Utils.m */ = {isa = PBXFileReference; fileEncoding = 4; lastKnownFileType = sourcecode.c.objc; path = Utils.m; sourceTree = "<group>"; };
		5A66BF4B1F7D29990014EDD6 /* VerifyUtil.h */ = {isa = PBXFileReference; fileEncoding = 4; lastKnownFileType = sourcecode.c.h; path = VerifyUtil.h; sourceTree = "<group>"; };
		5A66BF4C1F7D29990014EDD6 /* VerifyUtil.m */ = {isa = PBXFileReference; fileEncoding = 4; lastKnownFileType = sourcecode.c.objc; path = VerifyUtil.m; sourceTree = "<group>"; };
		5A66BF4E1F7D29990014EDD6 /* WXSDK.h */ = {isa = PBXFileReference; fileEncoding = 4; lastKnownFileType = sourcecode.c.h; path = WXSDK.h; sourceTree = "<group>"; };
		5A66BF4F1F7D29990014EDD6 /* WXSDK.m */ = {isa = PBXFileReference; fileEncoding = 4; lastKnownFileType = sourcecode.c.objc; path = WXSDK.m; sourceTree = "<group>"; };
		5A66BF861F7D2DD90014EDD6 /* ico_wx.png */ = {isa = PBXFileReference; lastKnownFileType = image.png; path = ico_wx.png; sourceTree = "<group>"; };
		5A66BF881F7D2DF30014EDD6 /* ico_timeline.png */ = {isa = PBXFileReference; lastKnownFileType = image.png; path = ico_timeline.png; sourceTree = "<group>"; };
		5A66BF8B1F7DD4B70014EDD6 /* ILoader.h */ = {isa = PBXFileReference; lastKnownFileType = sourcecode.c.h; path = ILoader.h; sourceTree = "<group>"; };
		5A66BF8C1F7F8D450014EDD6 /* BaseAppDelegate.h */ = {isa = PBXFileReference; lastKnownFileType = sourcecode.c.h; path = BaseAppDelegate.h; sourceTree = "<group>"; };
		5A66BF8D1F7F8D450014EDD6 /* BaseAppDelegate.m */ = {isa = PBXFileReference; lastKnownFileType = sourcecode.c.objc; path = BaseAppDelegate.m; sourceTree = "<group>"; };
		5A66BF921F8B1CD80014EDD6 /* JPushLoader.h */ = {isa = PBXFileReference; lastKnownFileType = sourcecode.c.h; path = JPushLoader.h; sourceTree = "<group>"; };
		5A66BF931F8B1CD80014EDD6 /* JPushLoader.m */ = {isa = PBXFileReference; lastKnownFileType = sourcecode.c.objc; path = JPushLoader.m; sourceTree = "<group>"; };
		5A66BF951F8C6AC60014EDD6 /* UMengLoader.h */ = {isa = PBXFileReference; lastKnownFileType = sourcecode.c.h; path = UMengLoader.h; sourceTree = "<group>"; };
		5A66BF961F8C6AC60014EDD6 /* UMengLoader.m */ = {isa = PBXFileReference; lastKnownFileType = sourcecode.c.objc; path = UMengLoader.m; sourceTree = "<group>"; };
		5A762EA21FAB02E100471827 /* LWebViewEx.h */ = {isa = PBXFileReference; lastKnownFileType = sourcecode.c.h; path = LWebViewEx.h; sourceTree = "<group>"; };
		5A762EA31FAB02E100471827 /* LWebViewEx.m */ = {isa = PBXFileReference; lastKnownFileType = sourcecode.c.objc; path = LWebViewEx.m; sourceTree = "<group>"; };
		5A9F60BF1FA85549000141E7 /* MenuRow.h */ = {isa = PBXFileReference; fileEncoding = 4; lastKnownFileType = sourcecode.c.h; path = MenuRow.h; sourceTree = "<group>"; };
		5A9F60C01FA85549000141E7 /* MenuRow.m */ = {isa = PBXFileReference; fileEncoding = 4; lastKnownFileType = sourcecode.c.objc; path = MenuRow.m; sourceTree = "<group>"; };
		5AC74DE01F2998BE00146115 /* iosLibrary.app */ = {isa = PBXFileReference; explicitFileType = wrapper.application; includeInIndex = 0; path = iosLibrary.app; sourceTree = BUILT_PRODUCTS_DIR; };
		5AC74DE41F2998BE00146115 /* main.m */ = {isa = PBXFileReference; lastKnownFileType = sourcecode.c.objc; path = main.m; sourceTree = "<group>"; };
		5AC74DE61F2998BE00146115 /* AppDelegate.h */ = {isa = PBXFileReference; lastKnownFileType = sourcecode.c.h; path = AppDelegate.h; sourceTree = "<group>"; };
		5AC74DE71F2998BE00146115 /* AppDelegate.m */ = {isa = PBXFileReference; lastKnownFileType = sourcecode.c.objc; path = AppDelegate.m; sourceTree = "<group>"; };
		5AC74DE91F2998BE00146115 /* ViewController.h */ = {isa = PBXFileReference; lastKnownFileType = sourcecode.c.h; path = ViewController.h; sourceTree = "<group>"; };
		5AC74DEA1F2998BE00146115 /* ViewController.m */ = {isa = PBXFileReference; lastKnownFileType = sourcecode.c.objc; path = ViewController.m; sourceTree = "<group>"; };
		5AC74DED1F2998BE00146115 /* Base */ = {isa = PBXFileReference; lastKnownFileType = file.storyboard; name = Base; path = Base.lproj/Main.storyboard; sourceTree = "<group>"; };
		5AC74DEF1F2998BE00146115 /* Assets.xcassets */ = {isa = PBXFileReference; lastKnownFileType = folder.assetcatalog; path = Assets.xcassets; sourceTree = "<group>"; };
		5AC74DF21F2998BE00146115 /* Base */ = {isa = PBXFileReference; lastKnownFileType = file.storyboard; name = Base; path = Base.lproj/LaunchScreen.storyboard; sourceTree = "<group>"; };
		5AC74DF41F2998BE00146115 /* Info.plist */ = {isa = PBXFileReference; lastKnownFileType = text.plist.xml; path = Info.plist; sourceTree = "<group>"; };
		5AC74DFB1F29992400146115 /* .gitkeep */ = {isa = PBXFileReference; fileEncoding = 4; lastKnownFileType = text; path = .gitkeep; sourceTree = "<group>"; };
		5AC74DFD1F29992400146115 /* .gitkeep */ = {isa = PBXFileReference; fileEncoding = 4; lastKnownFileType = text; path = .gitkeep; sourceTree = "<group>"; };
		5AC74E2D1F29C9CF00146115 /* ljhIosLibrary.podspec */ = {isa = PBXFileReference; fileEncoding = 4; lastKnownFileType = text; path = ljhIosLibrary.podspec; sourceTree = "<group>"; };
		5ACBAB4A1FA1BF5800F6B220 /* UIView+Toast.h */ = {isa = PBXFileReference; lastKnownFileType = sourcecode.c.h; path = "UIView+Toast.h"; sourceTree = "<group>"; };
		5ACBAB4B1FA1BF5800F6B220 /* UIView+Toast.m */ = {isa = PBXFileReference; lastKnownFileType = sourcecode.c.objc; path = "UIView+Toast.m"; sourceTree = "<group>"; };
		5AD848841FE9061800DF15E0 /* NSPointerArray+Helper.h */ = {isa = PBXFileReference; lastKnownFileType = sourcecode.c.h; path = "NSPointerArray+Helper.h"; sourceTree = "<group>"; };
		5AD848851FE9061800DF15E0 /* NSPointerArray+Helper.m */ = {isa = PBXFileReference; lastKnownFileType = sourcecode.c.objc; path = "NSPointerArray+Helper.m"; sourceTree = "<group>"; };
		5AF6A4C91F95990E00D9F6F7 /* WebViewPhotoCache.h */ = {isa = PBXFileReference; lastKnownFileType = sourcecode.c.h; path = WebViewPhotoCache.h; sourceTree = "<group>"; };
		5AF6A4CA1F95990E00D9F6F7 /* WebViewPhotoCache.m */ = {isa = PBXFileReference; lastKnownFileType = sourcecode.c.objc; path = WebViewPhotoCache.m; sourceTree = "<group>"; };
		724CF1EA31FE52C7EF9FD224 /* libPods-iosLibrary.a */ = {isa = PBXFileReference; explicitFileType = archive.ar; includeInIndex = 0; path = "libPods-iosLibrary.a"; sourceTree = BUILT_PRODUCTS_DIR; };
/* End PBXFileReference section */

/* Begin PBXFrameworksBuildPhase section */
		5AC74DDD1F2998BE00146115 /* Frameworks */ = {
			isa = PBXFrameworksBuildPhase;
			buildActionMask = 2147483647;
			files = (
				70F221F53986DA635A831DB5 /* libPods-iosLibrary.a in Frameworks */,
			);
			runOnlyForDeploymentPostprocessing = 0;
		};
/* End PBXFrameworksBuildPhase section */

/* Begin PBXGroup section */
		5A0B2E941F8F0C5C00B32FD3 /* WaveView */ = {
			isa = PBXGroup;
			children = (
				5A0B2E961F8F0C9B00B32FD3 /* LWaveView.h */,
				5A0B2E951F8F0C9900B32FD3 /* LWaveView.m */,
			);
			path = WaveView;
			sourceTree = "<group>";
		};
		5A4BAD3C1FA6F73900A3DC06 /* version */ = {
			isa = PBXGroup;
			children = (
				5A4BAD3D1FA6F77C00A3DC06 /* VersionManager.h */,
				5A4BAD3E1FA6F77C00A3DC06 /* VersionManager.m */,
				5A4BAD401FA6F79500A3DC06 /* VersionInfo.h */,
				5A4BAD411FA6F79500A3DC06 /* VersionInfo.m */,
			);
			path = version;
			sourceTree = "<group>";
		};
		5A52912E1FBD3D4800D1576E /* ui */ = {
			isa = PBXGroup;
			children = (
				5A5291351FBE7C6200D1576E /* model */,
				5A5291391FBE7DD800D1576E /* SngRowLayout.h */,
				5A52913A1FBE7DD900D1576E /* SngRowLayout.m */,
				5A52913C1FBE85A200D1576E /* AbsLayout.h */,
				5A52913D1FBE85A200D1576E /* AbsLayout.m */,
				5A2EE5C21FE3AB8C001794AD /* RLTopBottomView.h */,
				5A2EE5C31FE3AB8C001794AD /* RLTopBottomView.m */,
			);
			path = ui;
			sourceTree = "<group>";
		};
		5A5291351FBE7C6200D1576E /* model */ = {
			isa = PBXGroup;
			children = (
				5A5291361FBE7C7E00D1576E /* ViewDataModel.h */,
				5A5291371FBE7C7E00D1576E /* ViewDataModel.m */,
				5A449A0320074EDE00CC9444 /* UISkinConfig.h */,
				5A449A0420074EDE00CC9444 /* UISkinConfig.m */,
			);
			path = model;
			sourceTree = "<group>";
		};
		5A5D07361FFB352200A68C51 /* web */ = {
			isa = PBXGroup;
			children = (
				5A5D07371FFB35E300A68C51 /* WebPluginBase.h */,
				5A5D07381FFB35E300A68C51 /* WebPluginBase.m */,
				5A5D073A1FFCBED100A68C51 /* WebShellVCBase.h */,
				5A5D073B1FFCBED100A68C51 /* WebShellVCBase.m */,
				5A4499FD2004601500CC9444 /* WebTitleViewPlugin.h */,
				5A4499FE2004601500CC9444 /* WebTitleViewPlugin.m */,
			);
			path = web;
			sourceTree = "<group>";
		};
		5A66BEC81F7D29990014EDD6 /* libs */ = {
			isa = PBXGroup;
			children = (
				5A66BF8A1F7DD2650014EDD6 /* loader */,
				5A66BEC91F7D29990014EDD6 /* aes */,
				5A66BED01F7D29990014EDD6 /* category */,
				5A66BEEB1F7D29990014EDD6 /* contacts */,
				5A66BEEE1F7D29990014EDD6 /* effect */,
				5A66BF0A1F7D29990014EDD6 /* macro */,
				5A66BF0D1F7D29990014EDD6 /* net */,
				5A66BF121F7D29990014EDD6 /* ui */,
				5A66BF431F7D29990014EDD6 /* utils */,
				5A66BF4D1F7D29990014EDD6 /* wx */,
			);
			path = libs;
			sourceTree = "<group>";
		};
		5A66BEC91F7D29990014EDD6 /* aes */ = {
			isa = PBXGroup;
			children = (
				5A66BECA1F7D29990014EDD6 /* aes.c */,
				5A66BECB1F7D29990014EDD6 /* aes.h */,
				5A66BECC1F7D29990014EDD6 /* aes_ecb.c */,
				5A66BECD1F7D29990014EDD6 /* aes_locl.h */,
				5A66BECE1F7D29990014EDD6 /* AesUtil.h */,
				5A66BECF1F7D29990014EDD6 /* AesUtil.m */,
			);
			path = aes;
			sourceTree = "<group>";
		};
		5A66BED01F7D29990014EDD6 /* category */ = {
			isa = PBXGroup;
			children = (
				5A66BED11F7D29990014EDD6 /* category_inc.h */,
				5AD848841FE9061800DF15E0 /* NSPointerArray+Helper.h */,
				5AD848851FE9061800DF15E0 /* NSPointerArray+Helper.m */,
				5A66BED21F7D29990014EDD6 /* NSObject+NSObjectHelper.h */,
				5A66BED31F7D29990014EDD6 /* NSObject+NSObjectHelper.m */,
				5A66BED41F7D29990014EDD6 /* NSString+NSStringHelper.h */,
				5A66BED51F7D29990014EDD6 /* NSString+NSStringHelper.m */,
				5A66BED61F7D29990014EDD6 /* ui */,
			);
			path = category;
			sourceTree = "<group>";
		};
		5A66BED61F7D29990014EDD6 /* ui */ = {
			isa = PBXGroup;
			children = (
				5A66BED71F7D29990014EDD6 /* UIButton+WGBCustom.h */,
				5A66BED81F7D29990014EDD6 /* UIButton+WGBCustom.m */,
				5A66BED91F7D29990014EDD6 /* UIImage+Color.h */,
				5A66BEDA1F7D29990014EDD6 /* UIImage+Color.m */,
				5A66BEDB1F7D29990014EDD6 /* UIImage+Gif.h */,
				5A66BEDC1F7D29990014EDD6 /* UIImage+Gif.m */,
				5A66BEDD1F7D29990014EDD6 /* UIImage+Rotate.h */,
				5A66BEDE1F7D29990014EDD6 /* UIImage+Rotate.m */,
				5A66BEDF1F7D29990014EDD6 /* UIImage+SubImage.h */,
				5A66BEE01F7D29990014EDD6 /* UIImage+SubImage.m */,
				5A66BEE11F7D29990014EDD6 /* UIImageView+Ex.h */,
				5A66BEE21F7D29990014EDD6 /* UIImageView+Ex.m */,
				5A66BEE31F7D29990014EDD6 /* UILabel+Html.h */,
				5A66BEE41F7D29990014EDD6 /* UILabel+Html.m */,
				5A66BEE71F7D29990014EDD6 /* UIView+UIViewHelper.h */,
				5A66BEE81F7D29990014EDD6 /* UIView+UIViewHelper.m */,
				5A66BEE91F7D29990014EDD6 /* UIViewController+ViewControllerHelper.h */,
				5A66BEEA1F7D29990014EDD6 /* UIViewController+ViewControllerHelper.m */,
				5A1138B21F8FAD3C00D11852 /* UIView+PlaceholderView.h */,
				5A1138B31F8FAD3C00D11852 /* UIView+PlaceholderView.m */,
				5ACBAB4A1FA1BF5800F6B220 /* UIView+Toast.h */,
				5ACBAB4B1FA1BF5800F6B220 /* UIView+Toast.m */,
				5A3076311FB3E1200068D412 /* UITextField+LJHEx.h */,
				5A3076321FB3E1200068D412 /* UITextField+LJHEx.m */,
			);
			path = ui;
			sourceTree = "<group>";
		};
		5A66BEEB1F7D29990014EDD6 /* contacts */ = {
			isa = PBXGroup;
			children = (
				5A66BEEC1F7D29990014EDD6 /* ContactsManager.h */,
				5A66BEED1F7D29990014EDD6 /* ContactsManager.m */,
				5A0839B01FC6C6B7007237F3 /* AbsContacts.h */,
				5A0839B11FC6C6B7007237F3 /* AbsContacts.m */,
				5A0839B31FC6C91F007237F3 /* ContactsIOS8.h */,
				5A0839B41FC6C91F007237F3 /* ContactsIOS8.m */,
				5A0839B61FC6CD4C007237F3 /* ContactsIOS9.h */,
				5A0839B71FC6CD4C007237F3 /* ContactsIOS9.m */,
			);
			path = contacts;
			sourceTree = "<group>";
		};
		5A66BEEE1F7D29990014EDD6 /* effect */ = {
			isa = PBXGroup;
			children = (
				5A0B2E941F8F0C5C00B32FD3 /* WaveView */,
				5A66BEEF1F7D29990014EDD6 /* AFViewShaker */,
				5A66BEF21F7D29990014EDD6 /* DaiNavigationTransition */,
				5A66BF041F7D29990014EDD6 /* FXBlurView */,
				5A66BF071F7D29990014EDD6 /* iOSSharedViewTransition */,
			);
			path = effect;
			sourceTree = "<group>";
		};
		5A66BEEF1F7D29990014EDD6 /* AFViewShaker */ = {
			isa = PBXGroup;
			children = (
				5A66BEF01F7D29990014EDD6 /* AFViewShaker.h */,
				5A66BEF11F7D29990014EDD6 /* AFViewShaker.m */,
			);
			path = AFViewShaker;
			sourceTree = "<group>";
		};
		5A66BEF21F7D29990014EDD6 /* DaiNavigationTransition */ = {
			isa = PBXGroup;
			children = (
				5A66BEF31F7D29990014EDD6 /* DaiNavigationTransition+AccessObject.h */,
				5A66BEF41F7D29990014EDD6 /* DaiNavigationTransition+AccessObject.m */,
				5A66BEF51F7D29990014EDD6 /* DaiNavigationTransition+TransitionStack.h */,
				5A66BEF61F7D29990014EDD6 /* DaiNavigationTransition+TransitionStack.m */,
				5A66BEF71F7D29990014EDD6 /* DaiNavigationTransition.h */,
				5A66BEF81F7D29990014EDD6 /* DaiNavigationTransition.m */,
				5A66BEF91F7D29990014EDD6 /* DaiNavigationTransitionObjects.h */,
				5A66BEFA1F7D29990014EDD6 /* DaiNavigationTransitionObjects.m */,
				5A66BEFB1F7D29990014EDD6 /* DispatchTimer */,
				5A66BEFE1F7D29990014EDD6 /* UINavigationController+ForIOS6.h */,
				5A66BEFF1F7D29990014EDD6 /* UINavigationController+ForIOS6.m */,
				5A66BF001F7D29990014EDD6 /* UINavigationController+Swizzling.h */,
				5A66BF011F7D29990014EDD6 /* UINavigationController+Swizzling.m */,
				5A66BF021F7D29990014EDD6 /* UINavigationController+Transition.h */,
				5A66BF031F7D29990014EDD6 /* UINavigationController+Transition.m */,
			);
			path = DaiNavigationTransition;
			sourceTree = "<group>";
		};
		5A66BEFB1F7D29990014EDD6 /* DispatchTimer */ = {
			isa = PBXGroup;
			children = (
				5A66BEFC1F7D29990014EDD6 /* DispatchTimer.h */,
				5A66BEFD1F7D29990014EDD6 /* DispatchTimer.m */,
			);
			path = DispatchTimer;
			sourceTree = "<group>";
		};
		5A66BF041F7D29990014EDD6 /* FXBlurView */ = {
			isa = PBXGroup;
			children = (
				5A66BF051F7D29990014EDD6 /* FXBlurView.h */,
				5A66BF061F7D29990014EDD6 /* FXBlurView.m */,
			);
			path = FXBlurView;
			sourceTree = "<group>";
		};
		5A66BF071F7D29990014EDD6 /* iOSSharedViewTransition */ = {
			isa = PBXGroup;
			children = (
				5A66BF081F7D29990014EDD6 /* ASFSharedViewTransition.h */,
				5A66BF091F7D29990014EDD6 /* ASFSharedViewTransition.m */,
			);
			path = iOSSharedViewTransition;
			sourceTree = "<group>";
		};
		5A66BF0A1F7D29990014EDD6 /* macro */ = {
			isa = PBXGroup;
			children = (
				5A66BF0B1F7D29990014EDD6 /* objMacro.h */,
				5A66BF0C1F7D29990014EDD6 /* toolMacro.h */,
			);
			path = macro;
			sourceTree = "<group>";
		};
		5A66BF0D1F7D29990014EDD6 /* net */ = {
			isa = PBXGroup;
			children = (
				5A66BF0E1F7D29990014EDD6 /* HttpUtils.h */,
				5A66BF0F1F7D29990014EDD6 /* HttpUtils.m */,
				5A66BF101F7D29990014EDD6 /* NetModel.h */,
				5A66BF111F7D29990014EDD6 /* NetModel.m */,
			);
			path = net;
			sourceTree = "<group>";
		};
		5A66BF121F7D29990014EDD6 /* ui */ = {
			isa = PBXGroup;
			children = (
				5A762EA11FAB021E00471827 /* web */,
				5A66BF371F7D29990014EDD6 /* ZYShareView */,
				5A66BF321F7D29990014EDD6 /* XJAlbum */,
				5A66BF2D1F7D29990014EDD6 /* viewpager */,
				5A66BF241F7D29990014EDD6 /* touchView */,
				5A66BF1F1F7D29990014EDD6 /* SRActionSheet */,
				5A66BF1E1F7D29990014EDD6 /* SDRefreshView */,
				5A66BF1B1F7D29990014EDD6 /* HooDatePicker */,
				5A66BF131F7D29990014EDD6 /* AVPlayerEx.h */,
				5A66BF141F7D29990014EDD6 /* AVPlayerEx.m */,
				5A66BF151F7D29990014EDD6 /* BaseViewController.h */,
				5A66BF161F7D29990014EDD6 /* BaseViewController.m */,
				5A66BF171F7D29990014EDD6 /* CarouselView.h */,
				5A66BF181F7D29990014EDD6 /* CarouselView.m */,
				5A66BF191F7D29990014EDD6 /* CustomLabel.h */,
				5A66BF1A1F7D29990014EDD6 /* CustomLabel.m */,
				5A66BF1C1F7D29990014EDD6 /* RadioGroup.h */,
				5A66BF1D1F7D29990014EDD6 /* RadioGroup.m */,
				5A40BAFC1FD7DB5B00B73C6B /* SPAlertController.h */,
				5A40BAFD1FD7DB5C00B73C6B /* SPAlertController.m */,
				5A66BF221F7D29990014EDD6 /* TitleViewEx.h */,
				5A66BF231F7D29990014EDD6 /* TitleViewEx.m */,
				5A5D073D1FFCC03A00A68C51 /* LTitleView.h */,
				5A5D073E1FFCC03A00A68C51 /* LTitleView.m */,
				5A66BF291F7D29990014EDD6 /* UICustButton.h */,
				5A66BF2A1F7D29990014EDD6 /* UICustButton.m */,
				5A66BF2B1F7D29990014EDD6 /* UIWebViewEx.h */,
				5A66BF2C1F7D29990014EDD6 /* UIWebViewEx.m */,
				5A66BF301F7D29990014EDD6 /* WSPlaceholderTextView.h */,
				5A66BF311F7D29990014EDD6 /* WSPlaceholderTextView.m */,
				5A3076281FB142EB0068D412 /* TagLayout.h */,
				5A3076291FB142EB0068D412 /* TagLayout.m */,
				5A5291071FB4003D00D1576E /* CountDownTimer.h */,
				5A5291081FB4003D00D1576E /* CountDownTimer.m */,
			);
			path = ui;
			sourceTree = "<group>";
		};
		5A66BF1B1F7D29990014EDD6 /* HooDatePicker */ = {
			isa = PBXGroup;
			children = (
			);
			path = HooDatePicker;
			sourceTree = "<group>";
		};
		5A66BF1E1F7D29990014EDD6 /* SDRefreshView */ = {
			isa = PBXGroup;
			children = (
			);
			path = SDRefreshView;
			sourceTree = "<group>";
		};
		5A66BF1F1F7D29990014EDD6 /* SRActionSheet */ = {
			isa = PBXGroup;
			children = (
				5A66BF201F7D29990014EDD6 /* SRActionSheet.h */,
				5A66BF211F7D29990014EDD6 /* SRActionSheet.m */,
			);
			path = SRActionSheet;
			sourceTree = "<group>";
		};
		5A66BF241F7D29990014EDD6 /* touchView */ = {
			isa = PBXGroup;
			children = (
				5A66BF251F7D29990014EDD6 /* TouchPlate.h */,
				5A66BF261F7D29990014EDD6 /* TouchPlate.m */,
				5A66BF271F7D29990014EDD6 /* TouchTextView.h */,
				5A66BF281F7D29990014EDD6 /* TouchTextView.m */,
			);
			path = touchView;
			sourceTree = "<group>";
		};
		5A66BF2D1F7D29990014EDD6 /* viewpager */ = {
			isa = PBXGroup;
			children = (
				5A66BF2E1F7D29990014EDD6 /* LViewPager.h */,
				5A66BF2F1F7D29990014EDD6 /* LViewPager.m */,
			);
			path = viewpager;
			sourceTree = "<group>";
		};
		5A66BF321F7D29990014EDD6 /* XJAlbum */ = {
			isa = PBXGroup;
			children = (
				5A66BF331F7D29990014EDD6 /* XJAlbum.h */,
				5A66BF341F7D29990014EDD6 /* XJAlbum.m */,
				5A66BF351F7D29990014EDD6 /* XJImage.h */,
				5A66BF361F7D29990014EDD6 /* XJImage.m */,
			);
			path = XJAlbum;
			sourceTree = "<group>";
		};
		5A66BF371F7D29990014EDD6 /* ZYShareView */ = {
			isa = PBXGroup;
			children = (
				5A66BF381F7D29990014EDD6 /* ZYShareItem.h */,
				5A66BF391F7D29990014EDD6 /* ZYShareItem.m */,
				5A66BF3A1F7D29990014EDD6 /* ZYShareItemCell.h */,
				5A66BF3B1F7D29990014EDD6 /* ZYShareItemCell.m */,
				5A66BF3C1F7D29990014EDD6 /* ZYShareSheetCell.h */,
				5A66BF3D1F7D29990014EDD6 /* ZYShareSheetCell.m */,
				5A66BF3E1F7D29990014EDD6 /* ZYShareSheetView.h */,
				5A66BF3F1F7D29990014EDD6 /* ZYShareSheetView.m */,
				5A66BF401F7D29990014EDD6 /* ZYShareView.h */,
				5A66BF411F7D29990014EDD6 /* ZYShareView.m */,
				5A66BF421F7D29990014EDD6 /* ZYShareViewDefine.h */,
			);
			path = ZYShareView;
			sourceTree = "<group>";
		};
		5A66BF431F7D29990014EDD6 /* utils */ = {
			isa = PBXGroup;
			children = (
				5A66BF481F7D29990014EDD6 /* pinyin4obj */,
				5A66BF441F7D29990014EDD6 /* CameraManager.h */,
				5A66BF451F7D29990014EDD6 /* CameraManager.m */,
				5A66BF461F7D29990014EDD6 /* MotionManager.h */,
				5A66BF471F7D29990014EDD6 /* MotionManager.m */,
				5A66BF491F7D29990014EDD6 /* Utils.h */,
				5A66BF4A1F7D29990014EDD6 /* Utils.m */,
				5A66BF4B1F7D29990014EDD6 /* VerifyUtil.h */,
				5A66BF4C1F7D29990014EDD6 /* VerifyUtil.m */,
			);
			path = utils;
			sourceTree = "<group>";
		};
		5A66BF481F7D29990014EDD6 /* pinyin4obj */ = {
			isa = PBXGroup;
			children = (
			);
			path = pinyin4obj;
			sourceTree = "<group>";
		};
		5A66BF4D1F7D29990014EDD6 /* wx */ = {
			isa = PBXGroup;
			children = (
				5A66BF4E1F7D29990014EDD6 /* WXSDK.h */,
				5A66BF4F1F7D29990014EDD6 /* WXSDK.m */,
			);
			path = wx;
			sourceTree = "<group>";
		};
		5A66BF8A1F7DD2650014EDD6 /* loader */ = {
			isa = PBXGroup;
			children = (
				5A66BF8B1F7DD4B70014EDD6 /* ILoader.h */,
				5A66BF921F8B1CD80014EDD6 /* JPushLoader.h */,
				5A66BF931F8B1CD80014EDD6 /* JPushLoader.m */,
				5A66BF951F8C6AC60014EDD6 /* UMengLoader.h */,
				5A66BF961F8C6AC60014EDD6 /* UMengLoader.m */,
			);
			path = loader;
			sourceTree = "<group>";
		};
		5A762EA11FAB021E00471827 /* web */ = {
			isa = PBXGroup;
			children = (
				5A762EA21FAB02E100471827 /* LWebViewEx.h */,
				5A762EA31FAB02E100471827 /* LWebViewEx.m */,
			);
			path = web;
			sourceTree = "<group>";
		};
		5AA970AA1F6A2E3500EBF23F /* app */ = {
			isa = PBXGroup;
			children = (
				5A5D07361FFB352200A68C51 /* web */,
				5A52912E1FBD3D4800D1576E /* ui */,
				5A4BAD3C1FA6F73900A3DC06 /* version */,
				5AF6A4C81F95984700D9F6F7 /* cache */,
				5A66BE561F7B44C80014EDD6 /* BaseAppVC.h */,
				5A66BE571F7B44C80014EDD6 /* BaseAppVC.m */,
				5A66BF8C1F7F8D450014EDD6 /* BaseAppDelegate.h */,
				5A66BF8D1F7F8D450014EDD6 /* BaseAppDelegate.m */,
				5A9F60BF1FA85549000141E7 /* MenuRow.h */,
				5A9F60C01FA85549000141E7 /* MenuRow.m */,
			);
			path = app;
			sourceTree = "<group>";
		};
		5AC74DD71F2998BE00146115 = {
			isa = PBXGroup;
			children = (
				5AC74E2D1F29C9CF00146115 /* ljhIosLibrary.podspec */,
				5AC74DE21F2998BE00146115 /* iosLibrary */,
				5AC74DE11F2998BE00146115 /* Products */,
				D3F3FCAC1AB253784A65DEF5 /* Pods */,
				BB0215C6619E8FA1F4CA6935 /* Frameworks */,
			);
			sourceTree = "<group>";
		};
		5AC74DE11F2998BE00146115 /* Products */ = {
			isa = PBXGroup;
			children = (
				5AC74DE01F2998BE00146115 /* iosLibrary.app */,
			);
			name = Products;
			sourceTree = "<group>";
		};
		5AC74DE21F2998BE00146115 /* iosLibrary */ = {
			isa = PBXGroup;
			children = (
				5AC74DFA1F29992400146115 /* Assets */,
				5AC74DFC1F29992400146115 /* Classes */,
				5AC74DE61F2998BE00146115 /* AppDelegate.h */,
				5AC74DE71F2998BE00146115 /* AppDelegate.m */,
				5AC74DE91F2998BE00146115 /* ViewController.h */,
				5AC74DEA1F2998BE00146115 /* ViewController.m */,
				5AC74DEC1F2998BE00146115 /* Main.storyboard */,
				5AC74DEF1F2998BE00146115 /* Assets.xcassets */,
				5AC74DF11F2998BE00146115 /* LaunchScreen.storyboard */,
				5AC74DF41F2998BE00146115 /* Info.plist */,
				5AC74DE31F2998BE00146115 /* Supporting Files */,
			);
			path = iosLibrary;
			sourceTree = "<group>";
		};
		5AC74DE31F2998BE00146115 /* Supporting Files */ = {
			isa = PBXGroup;
			children = (
				5AC74DE41F2998BE00146115 /* main.m */,
			);
			name = "Supporting Files";
			sourceTree = "<group>";
		};
		5AC74DFA1F29992400146115 /* Assets */ = {
			isa = PBXGroup;
			children = (
				5A66BF881F7D2DF30014EDD6 /* ico_timeline.png */,
				5A66BF861F7D2DD90014EDD6 /* ico_wx.png */,
				5AC74DFB1F29992400146115 /* .gitkeep */,
			);
			path = Assets;
			sourceTree = "<group>";
		};
		5AC74DFC1F29992400146115 /* Classes */ = {
			isa = PBXGroup;
			children = (
				5AC74DFD1F29992400146115 /* .gitkeep */,
				5A66BEC81F7D29990014EDD6 /* libs */,
				5AA970AA1F6A2E3500EBF23F /* app */,
			);
			path = Classes;
			sourceTree = "<group>";
		};
		5AF6A4C81F95984700D9F6F7 /* cache */ = {
			isa = PBXGroup;
			children = (
				5AF6A4C91F95990E00D9F6F7 /* WebViewPhotoCache.h */,
				5AF6A4CA1F95990E00D9F6F7 /* WebViewPhotoCache.m */,
			);
			path = cache;
			sourceTree = "<group>";
		};
		BB0215C6619E8FA1F4CA6935 /* Frameworks */ = {
			isa = PBXGroup;
			children = (
				724CF1EA31FE52C7EF9FD224 /* libPods-iosLibrary.a */,
			);
			name = Frameworks;
			sourceTree = "<group>";
		};
		D3F3FCAC1AB253784A65DEF5 /* Pods */ = {
			isa = PBXGroup;
			children = (
				44CB154FD8CF278B2A796523 /* Pods-iosLibrary.debug.xcconfig */,
				264485E51FA1817FEC7E793A /* Pods-iosLibrary.release.xcconfig */,
			);
			name = Pods;
			sourceTree = "<group>";
		};
/* End PBXGroup section */

/* Begin PBXNativeTarget section */
		5AC74DDF1F2998BE00146115 /* iosLibrary */ = {
			isa = PBXNativeTarget;
			buildConfigurationList = 5AC74DF71F2998BE00146115 /* Build configuration list for PBXNativeTarget "iosLibrary" */;
			buildPhases = (
				2C81CB22449627EB086DBADA /* [CP] Check Pods Manifest.lock */,
				5AC74DDC1F2998BE00146115 /* Sources */,
				5AC74DDD1F2998BE00146115 /* Frameworks */,
				5AC74DDE1F2998BE00146115 /* Resources */,
				554ED79E01B4BD48A384B1C6 /* [CP] Embed Pods Frameworks */,
				E737E733D6B8414B0046F61C /* [CP] Copy Pods Resources */,
			);
			buildRules = (
			);
			dependencies = (
			);
			name = iosLibrary;
			productName = iosLibrary;
			productReference = 5AC74DE01F2998BE00146115 /* iosLibrary.app */;
			productType = "com.apple.product-type.application";
		};
/* End PBXNativeTarget section */

/* Begin PBXProject section */
		5AC74DD81F2998BE00146115 /* Project object */ = {
			isa = PBXProject;
			attributes = {
				LastUpgradeCheck = 0830;
				ORGANIZATIONNAME = liu;
				TargetAttributes = {
					5AC74DDF1F2998BE00146115 = {
						CreatedOnToolsVersion = 8.3.1;
						DevelopmentTeam = 2X6LYX897R;
						ProvisioningStyle = Manual;
					};
				};
			};
			buildConfigurationList = 5AC74DDB1F2998BE00146115 /* Build configuration list for PBXProject "iosLibrary" */;
			compatibilityVersion = "Xcode 3.2";
			developmentRegion = English;
			hasScannedForEncodings = 0;
			knownRegions = (
				en,
				Base,
			);
			mainGroup = 5AC74DD71F2998BE00146115;
			productRefGroup = 5AC74DE11F2998BE00146115 /* Products */;
			projectDirPath = "";
			projectRoot = "";
			targets = (
				5AC74DDF1F2998BE00146115 /* iosLibrary */,
			);
		};
/* End PBXProject section */

/* Begin PBXResourcesBuildPhase section */
		5AC74DDE1F2998BE00146115 /* Resources */ = {
			isa = PBXResourcesBuildPhase;
			buildActionMask = 2147483647;
			files = (
				5AC74DF31F2998BE00146115 /* LaunchScreen.storyboard in Resources */,
				5A66BF871F7D2DDA0014EDD6 /* ico_wx.png in Resources */,
				5AC74DF01F2998BE00146115 /* Assets.xcassets in Resources */,
				5AC74E051F29992500146115 /* .gitkeep in Resources */,
				5A66BF891F7D2DF30014EDD6 /* ico_timeline.png in Resources */,
				5AC74E2E1F29C9CF00146115 /* ljhIosLibrary.podspec in Resources */,
				5AC74DEE1F2998BE00146115 /* Main.storyboard in Resources */,
				5AC74E041F29992500146115 /* .gitkeep in Resources */,
			);
			runOnlyForDeploymentPostprocessing = 0;
		};
/* End PBXResourcesBuildPhase section */

/* Begin PBXShellScriptBuildPhase section */
		2C81CB22449627EB086DBADA /* [CP] Check Pods Manifest.lock */ = {
			isa = PBXShellScriptBuildPhase;
			buildActionMask = 2147483647;
			files = (
			);
			inputPaths = (
			);
			name = "[CP] Check Pods Manifest.lock";
			outputPaths = (
			);
			runOnlyForDeploymentPostprocessing = 0;
			shellPath = /bin/sh;
			shellScript = "diff \"${PODS_PODFILE_DIR_PATH}/Podfile.lock\" \"${PODS_ROOT}/Manifest.lock\" > /dev/null\nif [ $? != 0 ] ; then\n    # print error to STDERR\n    echo \"error: The sandbox is not in sync with the Podfile.lock. Run 'pod install' or update your CocoaPods installation.\" >&2\n    exit 1\nfi\n";
			showEnvVarsInLog = 0;
		};
		554ED79E01B4BD48A384B1C6 /* [CP] Embed Pods Frameworks */ = {
			isa = PBXShellScriptBuildPhase;
			buildActionMask = 2147483647;
			files = (
			);
			inputPaths = (
			);
			name = "[CP] Embed Pods Frameworks";
			outputPaths = (
			);
			runOnlyForDeploymentPostprocessing = 0;
			shellPath = /bin/sh;
			shellScript = "\"${SRCROOT}/Pods/Target Support Files/Pods-iosLibrary/Pods-iosLibrary-frameworks.sh\"\n";
			showEnvVarsInLog = 0;
		};
		E737E733D6B8414B0046F61C /* [CP] Copy Pods Resources */ = {
			isa = PBXShellScriptBuildPhase;
			buildActionMask = 2147483647;
			files = (
			);
			inputPaths = (
			);
			name = "[CP] Copy Pods Resources";
			outputPaths = (
			);
			runOnlyForDeploymentPostprocessing = 0;
			shellPath = /bin/sh;
			shellScript = "\"${SRCROOT}/Pods/Target Support Files/Pods-iosLibrary/Pods-iosLibrary-resources.sh\"\n";
			showEnvVarsInLog = 0;
		};
/* End PBXShellScriptBuildPhase section */

/* Begin PBXSourcesBuildPhase section */
		5AC74DDC1F2998BE00146115 /* Sources */ = {
			isa = PBXSourcesBuildPhase;
			buildActionMask = 2147483647;
			files = (
				5A66BF611F7D299A0014EDD6 /* DaiNavigationTransition+AccessObject.m in Sources */,
				5A9F60C11FA85549000141E7 /* MenuRow.m in Sources */,
				5A66BF8E1F7F8D450014EDD6 /* BaseAppDelegate.m in Sources */,
				5A0839B51FC6C91F007237F3 /* ContactsIOS8.m in Sources */,
				5AC74DEB1F2998BE00146115 /* ViewController.m in Sources */,
				5A66BF6A1F7D299A0014EDD6 /* ASFSharedViewTransition.m in Sources */,
				5A66BF521F7D299A0014EDD6 /* AesUtil.m in Sources */,
				5AF6A4CB1F95990E00D9F6F7 /* WebViewPhotoCache.m in Sources */,
				5A66BF811F7D299A0014EDD6 /* CameraManager.m in Sources */,
				5A66BF541F7D299A0014EDD6 /* NSString+NSStringHelper.m in Sources */,
				5A3076331FB3E1200068D412 /* UITextField+LJHEx.m in Sources */,
				5A5D073C1FFCBED100A68C51 /* WebShellVCBase.m in Sources */,
				5ACBAB4C1FA1BF5800F6B220 /* UIView+Toast.m in Sources */,
				5A52913B1FBE7DD900D1576E /* SngRowLayout.m in Sources */,
				5A5D07391FFB35E300A68C51 /* WebPluginBase.m in Sources */,
				5AC74DE81F2998BE00146115 /* AppDelegate.m in Sources */,
				5A66BF761F7D299A0014EDD6 /* UICustButton.m in Sources */,
				5A66BF7F1F7D299A0014EDD6 /* ZYShareSheetView.m in Sources */,
				5A66BF511F7D299A0014EDD6 /* aes_ecb.c in Sources */,
				5A5291091FB4003D00D1576E /* CountDownTimer.m in Sources */,
				5A4BAD421FA6F79500A3DC06 /* VersionInfo.m in Sources */,
				5AC74DE51F2998BE00146115 /* main.m in Sources */,
				5A66BF971F8C6AC60014EDD6 /* UMengLoader.m in Sources */,
				5A40BAFE1FD7DB5C00B73C6B /* SPAlertController.m in Sources */,
				5A30762A1FB142EB0068D412 /* TagLayout.m in Sources */,
				5A66BF651F7D299A0014EDD6 /* DispatchTimer.m in Sources */,
				5A66BF941F8B1CD80014EDD6 /* JPushLoader.m in Sources */,
				5A1138B41F8FAD3C00D11852 /* UIView+PlaceholderView.m in Sources */,
				5A66BF721F7D299A0014EDD6 /* SRActionSheet.m in Sources */,
				5A66BF571F7D299A0014EDD6 /* UIImage+Gif.m in Sources */,
				5A66BF6C1F7D299A0014EDD6 /* NetModel.m in Sources */,
				5A66BF5B1F7D299A0014EDD6 /* UILabel+Html.m in Sources */,
				5AD848861FE9061800DF15E0 /* NSPointerArray+Helper.m in Sources */,
				5A0839B21FC6C6B7007237F3 /* AbsContacts.m in Sources */,
				5A66BF501F7D299A0014EDD6 /* aes.c in Sources */,
				5A66BF681F7D299A0014EDD6 /* UINavigationController+Transition.m in Sources */,
				5A66BF551F7D299A0014EDD6 /* UIButton+WGBCustom.m in Sources */,
				5A66BF831F7D299A0014EDD6 /* Utils.m in Sources */,
				5A66BF561F7D299A0014EDD6 /* UIImage+Color.m in Sources */,
				5A66BF851F7D299A0014EDD6 /* WXSDK.m in Sources */,
				5A66BF701F7D299A0014EDD6 /* CustomLabel.m in Sources */,
				5A66BF7C1F7D299A0014EDD6 /* ZYShareItem.m in Sources */,
				5A66BF621F7D299A0014EDD6 /* DaiNavigationTransition+TransitionStack.m in Sources */,
				5A66BF7D1F7D299A0014EDD6 /* ZYShareItemCell.m in Sources */,
				5A66BF841F7D299A0014EDD6 /* VerifyUtil.m in Sources */,
				5A449A0520074EDE00CC9444 /* UISkinConfig.m in Sources */,
				5A0839B81FC6CD4C007237F3 /* ContactsIOS9.m in Sources */,
				5A66BF631F7D299A0014EDD6 /* DaiNavigationTransition.m in Sources */,
				5A66BF801F7D299A0014EDD6 /* ZYShareView.m in Sources */,
				5A5D073F1FFCC03A00A68C51 /* LTitleView.m in Sources */,
				5A66BF6D1F7D299A0014EDD6 /* AVPlayerEx.m in Sources */,
				5A66BF751F7D299A0014EDD6 /* TouchTextView.m in Sources */,
				5A66BF671F7D299A0014EDD6 /* UINavigationController+Swizzling.m in Sources */,
				5A66BF691F7D299A0014EDD6 /* FXBlurView.m in Sources */,
				5A66BF7B1F7D299A0014EDD6 /* XJImage.m in Sources */,
				5A66BF591F7D299A0014EDD6 /* UIImage+SubImage.m in Sources */,
				5A66BF601F7D299A0014EDD6 /* AFViewShaker.m in Sources */,
				5A66BF641F7D299A0014EDD6 /* DaiNavigationTransitionObjects.m in Sources */,
				5A66BF821F7D299A0014EDD6 /* MotionManager.m in Sources */,
				5A762EA41FAB02E100471827 /* LWebViewEx.m in Sources */,
				5A66BF6B1F7D299A0014EDD6 /* HttpUtils.m in Sources */,
				5A66BF711F7D299A0014EDD6 /* RadioGroup.m in Sources */,
				5A66BF6F1F7D299A0014EDD6 /* CarouselView.m in Sources */,
				5A66BF741F7D299A0014EDD6 /* TouchPlate.m in Sources */,
				5A66BF7A1F7D299A0014EDD6 /* XJAlbum.m in Sources */,
				5A66BF6E1F7D299A0014EDD6 /* BaseViewController.m in Sources */,
				5A66BF661F7D299A0014EDD6 /* UINavigationController+ForIOS6.m in Sources */,
				5A66BF581F7D299A0014EDD6 /* UIImage+Rotate.m in Sources */,
				5A66BF771F7D299A0014EDD6 /* UIWebViewEx.m in Sources */,
				5A66BF791F7D299A0014EDD6 /* WSPlaceholderTextView.m in Sources */,
				5A66BF5F1F7D299A0014EDD6 /* ContactsManager.m in Sources */,
				5A66BF731F7D299A0014EDD6 /* TitleViewEx.m in Sources */,
				5A66BF781F7D299A0014EDD6 /* LViewPager.m in Sources */,
				5A66BE581F7B44C80014EDD6 /* BaseAppVC.m in Sources */,
				5A2EE5C41FE3AB8C001794AD /* RLTopBottomView.m in Sources */,
				5A5291381FBE7C7E00D1576E /* ViewDataModel.m in Sources */,
				5A52913E1FBE85A200D1576E /* AbsLayout.m in Sources */,
				5A66BF5E1F7D299A0014EDD6 /* UIViewController+ViewControllerHelper.m in Sources */,
				5A4BAD3F1FA6F77C00A3DC06 /* VersionManager.m in Sources */,
				5A66BF5A1F7D299A0014EDD6 /* UIImageView+Ex.m in Sources */,
				5A66BF531F7D299A0014EDD6 /* NSObject+NSObjectHelper.m in Sources */,
				5A66BF5D1F7D299A0014EDD6 /* UIView+UIViewHelper.m in Sources */,
				5A4499FF2004601500CC9444 /* WebTitleViewPlugin.m in Sources */,
				5A0B2E971F8F0C9C00B32FD3 /* LWaveView.m in Sources */,
				5A66BF7E1F7D299A0014EDD6 /* ZYShareSheetCell.m in Sources */,
			);
			runOnlyForDeploymentPostprocessing = 0;
		};
/* End PBXSourcesBuildPhase section */

/* Begin PBXVariantGroup section */
		5AC74DEC1F2998BE00146115 /* Main.storyboard */ = {
			isa = PBXVariantGroup;
			children = (
				5AC74DED1F2998BE00146115 /* Base */,
			);
			name = Main.storyboard;
			sourceTree = "<group>";
		};
		5AC74DF11F2998BE00146115 /* LaunchScreen.storyboard */ = {
			isa = PBXVariantGroup;
			children = (
				5AC74DF21F2998BE00146115 /* Base */,
			);
			name = LaunchScreen.storyboard;
			sourceTree = "<group>";
		};
/* End PBXVariantGroup section */

/* Begin XCBuildConfiguration section */
		5AC74DF51F2998BE00146115 /* Debug */ = {
			isa = XCBuildConfiguration;
			buildSettings = {
				ALWAYS_SEARCH_USER_PATHS = NO;
				CLANG_ANALYZER_NONNULL = YES;
				CLANG_ANALYZER_NUMBER_OBJECT_CONVERSION = YES_AGGRESSIVE;
				CLANG_CXX_LANGUAGE_STANDARD = "gnu++0x";
				CLANG_CXX_LIBRARY = "libc++";
				CLANG_ENABLE_MODULES = YES;
				CLANG_ENABLE_OBJC_ARC = YES;
				CLANG_WARN_BOOL_CONVERSION = YES;
				CLANG_WARN_CONSTANT_CONVERSION = YES;
				CLANG_WARN_DIRECT_OBJC_ISA_USAGE = YES_ERROR;
				CLANG_WARN_DOCUMENTATION_COMMENTS = YES;
				CLANG_WARN_EMPTY_BODY = YES;
				CLANG_WARN_ENUM_CONVERSION = YES;
				CLANG_WARN_INFINITE_RECURSION = YES;
				CLANG_WARN_INT_CONVERSION = YES;
				CLANG_WARN_OBJC_ROOT_CLASS = YES_ERROR;
				CLANG_WARN_SUSPICIOUS_MOVE = YES;
				CLANG_WARN_UNREACHABLE_CODE = YES;
				CLANG_WARN__DUPLICATE_METHOD_MATCH = YES;
				"CODE_SIGN_IDENTITY[sdk=iphoneos*]" = "iPhone Developer";
				COPY_PHASE_STRIP = NO;
				DEBUG_INFORMATION_FORMAT = dwarf;
				ENABLE_STRICT_OBJC_MSGSEND = YES;
				ENABLE_TESTABILITY = YES;
				GCC_C_LANGUAGE_STANDARD = gnu99;
				GCC_DYNAMIC_NO_PIC = NO;
				GCC_NO_COMMON_BLOCKS = YES;
				GCC_OPTIMIZATION_LEVEL = 0;
				GCC_PREPROCESSOR_DEFINITIONS = (
					"DEBUG=1",
					"$(inherited)",
				);
				GCC_WARN_64_TO_32_BIT_CONVERSION = YES;
				GCC_WARN_ABOUT_RETURN_TYPE = YES_ERROR;
				GCC_WARN_UNDECLARED_SELECTOR = YES;
				GCC_WARN_UNINITIALIZED_AUTOS = YES_AGGRESSIVE;
				GCC_WARN_UNUSED_FUNCTION = YES;
				GCC_WARN_UNUSED_VARIABLE = YES;
				IPHONEOS_DEPLOYMENT_TARGET = 10.3;
				MTL_ENABLE_DEBUG_INFO = YES;
				ONLY_ACTIVE_ARCH = YES;
				SDKROOT = iphoneos;
			};
			name = Debug;
		};
		5AC74DF61F2998BE00146115 /* Release */ = {
			isa = XCBuildConfiguration;
			buildSettings = {
				ALWAYS_SEARCH_USER_PATHS = NO;
				CLANG_ANALYZER_NONNULL = YES;
				CLANG_ANALYZER_NUMBER_OBJECT_CONVERSION = YES_AGGRESSIVE;
				CLANG_CXX_LANGUAGE_STANDARD = "gnu++0x";
				CLANG_CXX_LIBRARY = "libc++";
				CLANG_ENABLE_MODULES = YES;
				CLANG_ENABLE_OBJC_ARC = YES;
				CLANG_WARN_BOOL_CONVERSION = YES;
				CLANG_WARN_CONSTANT_CONVERSION = YES;
				CLANG_WARN_DIRECT_OBJC_ISA_USAGE = YES_ERROR;
				CLANG_WARN_DOCUMENTATION_COMMENTS = YES;
				CLANG_WARN_EMPTY_BODY = YES;
				CLANG_WARN_ENUM_CONVERSION = YES;
				CLANG_WARN_INFINITE_RECURSION = YES;
				CLANG_WARN_INT_CONVERSION = YES;
				CLANG_WARN_OBJC_ROOT_CLASS = YES_ERROR;
				CLANG_WARN_SUSPICIOUS_MOVE = YES;
				CLANG_WARN_UNREACHABLE_CODE = YES;
				CLANG_WARN__DUPLICATE_METHOD_MATCH = YES;
				"CODE_SIGN_IDENTITY[sdk=iphoneos*]" = "iPhone Developer";
				COPY_PHASE_STRIP = NO;
				DEBUG_INFORMATION_FORMAT = "dwarf-with-dsym";
				ENABLE_NS_ASSERTIONS = NO;
				ENABLE_STRICT_OBJC_MSGSEND = YES;
				GCC_C_LANGUAGE_STANDARD = gnu99;
				GCC_NO_COMMON_BLOCKS = YES;
				GCC_WARN_64_TO_32_BIT_CONVERSION = YES;
				GCC_WARN_ABOUT_RETURN_TYPE = YES_ERROR;
				GCC_WARN_UNDECLARED_SELECTOR = YES;
				GCC_WARN_UNINITIALIZED_AUTOS = YES_AGGRESSIVE;
				GCC_WARN_UNUSED_FUNCTION = YES;
				GCC_WARN_UNUSED_VARIABLE = YES;
				IPHONEOS_DEPLOYMENT_TARGET = 10.3;
				MTL_ENABLE_DEBUG_INFO = NO;
				SDKROOT = iphoneos;
				VALIDATE_PRODUCT = YES;
			};
			name = Release;
		};
		5AC74DF81F2998BE00146115 /* Debug */ = {
			isa = XCBuildConfiguration;
			baseConfigurationReference = 44CB154FD8CF278B2A796523 /* Pods-iosLibrary.debug.xcconfig */;
			buildSettings = {
				ASSETCATALOG_COMPILER_APPICON_NAME = AppIcon;
				"CODE_SIGN_IDENTITY[sdk=iphoneos*]" = "iPhone Developer";
				CODE_SIGN_STYLE = Manual;
				DEVELOPMENT_TEAM = 2X6LYX897R;
				INFOPLIST_FILE = iosLibrary/Info.plist;
				IPHONEOS_DEPLOYMENT_TARGET = 8.0;
				LD_RUNPATH_SEARCH_PATHS = "$(inherited) @executable_path/Frameworks";
				PRODUCT_BUNDLE_IDENTIFIER = com.ljh.iosLibrary;
				PRODUCT_NAME = "$(TARGET_NAME)";
				PROVISIONING_PROFILE = "817a0517-3685-4d77-b9c6-9cf0b5eb406c";
				PROVISIONING_PROFILE_SPECIFIER = test;
			};
			name = Debug;
		};
		5AC74DF91F2998BE00146115 /* Release */ = {
			isa = XCBuildConfiguration;
			baseConfigurationReference = 264485E51FA1817FEC7E793A /* Pods-iosLibrary.release.xcconfig */;
			buildSettings = {
				ASSETCATALOG_COMPILER_APPICON_NAME = AppIcon;
				"CODE_SIGN_IDENTITY[sdk=iphoneos*]" = "iPhone Developer";
				CODE_SIGN_STYLE = Manual;
				DEVELOPMENT_TEAM = 2X6LYX897R;
				INFOPLIST_FILE = iosLibrary/Info.plist;
				IPHONEOS_DEPLOYMENT_TARGET = 8.0;
				LD_RUNPATH_SEARCH_PATHS = "$(inherited) @executable_path/Frameworks";
				PRODUCT_BUNDLE_IDENTIFIER = com.ljh.iosLibrary;
				PRODUCT_NAME = "$(TARGET_NAME)";
				PROVISIONING_PROFILE = "cd63c628-0d4e-4cda-b87a-6287950d6e92";
				PROVISIONING_PROFILE_SPECIFIER = test;
			};
			name = Release;
		};
/* End XCBuildConfiguration section */

/* Begin XCConfigurationList section */
		5AC74DDB1F2998BE00146115 /* Build configuration list for PBXProject "iosLibrary" */ = {
			isa = XCConfigurationList;
			buildConfigurations = (
				5AC74DF51F2998BE00146115 /* Debug */,
				5AC74DF61F2998BE00146115 /* Release */,
			);
			defaultConfigurationIsVisible = 0;
			defaultConfigurationName = Release;
		};
		5AC74DF71F2998BE00146115 /* Build configuration list for PBXNativeTarget "iosLibrary" */ = {
			isa = XCConfigurationList;
			buildConfigurations = (
				5AC74DF81F2998BE00146115 /* Debug */,
				5AC74DF91F2998BE00146115 /* Release */,
			);
			defaultConfigurationIsVisible = 0;
			defaultConfigurationName = Release;
		};
/* End XCConfigurationList section */
	};
	rootObject = 5AC74DD81F2998BE00146115 /* Project object */;
}
