PODS:
  - AFNetworking (3.1.0):
    - AFNetworking/NSURLSession (= 3.1.0)
    - AFNetworking/Reachability (= 3.1.0)
    - AFNetworking/Security (= 3.1.0)
    - AFNetworking/Serialization (= 3.1.0)
    - AFNetworking/UIKit (= 3.1.0)
  - AFNetworking/NSURLSession (3.1.0):
    - AFNetworking/Reachability
    - AFNetworking/Security
    - AFNetworking/Serialization
  - AFNetworking/Reachability (3.1.0)
  - AFNetworking/Security (3.1.0)
  - AFNetworking/Serialization (3.1.0)
  - AFNetworking/UIKit (3.1.0):
    - AFNetworking/NSURLSession
  - IQKeyboardManager (6.5.4)
  - JCore (2.1.4-noidfa)
  - JPush (3.2.4-noidfa):
    - JCore (< 3.0.0, >= 2.0.0)
  - MJRefresh (3.3.1)
  - MyLayout (1.9.0)
  - SDWebImage (4.4.7):
    - SDWebImage/Core (= 4.4.7)
  - SDWebImage/Core (4.4.7)
  - SVProgressHUD (2.2.5)
  - UMengAnalytics-NO-IDFA (4.2.5)
  - WechatOpenSDK (1.8.6)
  - WZLBadge (1.2.6)
  - YYCache (1.0.4)
  - YYModel (1.0.4)

DEPENDENCIES:
  - AFNetworking (~> 3.1.0)
  - IQKeyboardManager
  - JCore (= 2.1.4-noidfa)
  - JPush (= 3.2.4-noidfa)
  - MJRefresh
  - MyLayout
  - SDWebImage (~> 4.0)
  - SVProgressHUD
  - UMengAnalytics-NO-IDFA
  - WechatOpenSDK
  - WZLBadge
  - YYCache
  - YYModel

SPEC REPOS:
  https://github.com/cocoapods/specs.git:
    - AFNetworking
    - IQKeyboardManager
    - JCore
    - JPush
    - MJRefresh
    - MyLayout
    - SDWebImage
    - SVProgressHUD
    - UMengAnalytics-NO-IDFA
    - WechatOpenSDK
    - WZLBadge
    - YYCache
    - YYModel

SPEC CHECKSUMS:
  AFNetworking: 5e0e199f73d8626b11e79750991f5d173d1f8b67
  IQKeyboardManager: 72b359cd7e777e3a984cedbe05f8da45320cbb63
  JCore: 2f15311e6889ab43ed5d629802ef793cac566465
  JPush: 2ff11d3013b360bc1b7da16741027e88f12fe3e6
  MJRefresh: eeda70fbf0ad277f3178cef1cd0c3532591d6237
  MyLayout: 6a17ff3a67287af6a9d7bfa302fd275cacbf7236
  SDWebImage: c10d14a8883ebd89664f02a422006f66a85c0c5d
  SVProgressHUD: 1428aafac632c1f86f62aa4243ec12008d7a51d6
  UMengAnalytics-NO-IDFA: 16666e32edce5be44ae5b14aaaa7f3582e09d6ab
  WechatOpenSDK: 368ae03b72ee3ea1328c4f11326fbb5d2721d118
  WZLBadge: 9ec779dcfd94c825518b395e8315fccaabff1bfa
  YYCache: 8105b6638f5e849296c71f331ff83891a4942952
  YYModel: 2a7fdd96aaa4b86a824e26d0c517de8928c04b30

PODFILE CHECKSUM: f0968cee0d6a0a49ec1ef5e9f048df1fc0b6bad4

COCOAPODS: 1.6.0
